PODS:
  - AKLanguageManager (0.1.0)

DEPENDENCIES:
  - AKLanguageManager (from `../`)

EXTERNAL SOURCES:
  AKLanguageManager:
    :path: "../"

SPEC CHECKSUMS:
  AKLanguageManager: f774509a823f80d53409d9f21af549e41a53265b

PODFILE CHECKSUM: 000005170201f0231d33dcc520a0c2021bbf4e80

COCOAPODS: 1.11.3
