// !$*UTF8*$!
{
	archiveVersion = 1;
	classes = {
	};
	objectVersion = 55;
	objects = {

/* Begin PBXBuildFile section */
		00532023366737FCD8FA55C0 /* Pods_AKLanguageManager_AKLanguageManagerTests.framework in Frameworks */ = {isa = PBXBuildFile; fileRef = CDED7F2FC74370BC22E3F71B /* Pods_AKLanguageManager_AKLanguageManagerTests.framework */; };
		0B479F185AA146FE63EF613B /* Pods_AKLanguageManager.framework in Frameworks */ = {isa = PBXBuildFile; fileRef = 2228D014A590DE102910C3C8 /* Pods_AKLanguageManager.framework */; };
		1D2A6C8628F0FD34000EE30D /* View+Localized.swift in Sources */ = {isa = PBXBuildFile; fileRef = 1D2A6C8528F0FD34000EE30D /* View+Localized.swift */; };
		1D2A6C8828F0FD6E000EE30D /* Image+Localized.swift in Sources */ = {isa = PBXBuildFile; fileRef = 1D2A6C8728F0FD6E000EE30D /* Image+Localized.swift */; };
		1D2A6C8C28F1105F000EE30D /* LocalizedViewTests.swift in Sources */ = {isa = PBXBuildFile; fileRef = 1D2A6C8B28F1105F000EE30D /* LocalizedViewTests.swift */; };
		1D2CC63128D0D5640000DFEF /* UIImageView+Localizable.swift in Sources */ = {isa = PBXBuildFile; fileRef = 1D2CC63028D0D5640000DFEF /* UIImageView+Localizable.swift */; };
		1D4074F828D0153B000A1DF0 /* Localizable.swift in Sources */ = {isa = PBXBuildFile; fileRef = 1D4074F728D0153B000A1DF0 /* Localizable.swift */; };
		1D4074FA28D01699000A1DF0 /* UIView+Localizable.swift in Sources */ = {isa = PBXBuildFile; fileRef = 1D4074F928D01699000A1DF0 /* UIView+Localizable.swift */; };
		1D4074FC28D0181B000A1DF0 /* String+Localized.swift in Sources */ = {isa = PBXBuildFile; fileRef = 1D4074FB28D0181B000A1DF0 /* String+Localized.swift */; };
		1D4074FE28D01A6C000A1DF0 /* Bundle+Swizzle.swift in Sources */ = {isa = PBXBuildFile; fileRef = 1D4074FD28D01A6C000A1DF0 /* Bundle+Swizzle.swift */; };
		1D40750028D01B07000A1DF0 /* UILabel+Localizable.swift in Sources */ = {isa = PBXBuildFile; fileRef = 1D4074FF28D01B07000A1DF0 /* UILabel+Localizable.swift */; };
		1D40750228D01B63000A1DF0 /* UITextView+Localizable.swift in Sources */ = {isa = PBXBuildFile; fileRef = 1D40750128D01B63000A1DF0 /* UITextView+Localizable.swift */; };
		1D40750428D01BA9000A1DF0 /* UITextField+Localizable.swift in Sources */ = {isa = PBXBuildFile; fileRef = 1D40750328D01BA9000A1DF0 /* UITextField+Localizable.swift */; };
		1D40750628D01BEF000A1DF0 /* UITabBar+Localizable.swift in Sources */ = {isa = PBXBuildFile; fileRef = 1D40750528D01BEF000A1DF0 /* UITabBar+Localizable.swift */; };
		1D40750828D01C53000A1DF0 /* UIButton+Localizable.swift in Sources */ = {isa = PBXBuildFile; fileRef = 1D40750728D01C53000A1DF0 /* UIButton+Localizable.swift */; };
		1D40750A28D01D08000A1DF0 /* UISegmentedControl+Localizable.swift in Sources */ = {isa = PBXBuildFile; fileRef = 1D40750928D01D08000A1DF0 /* UISegmentedControl+Localizable.swift */; };
		1D43EC8028EA741E000259A3 /* Bundle.swift in Sources */ = {isa = PBXBuildFile; fileRef = 1D43EC7F28EA741E000259A3 /* Bundle.swift */; };
		1D4EE68A28ECF2B800EC3885 /* LocalizedView.swift in Sources */ = {isa = PBXBuildFile; fileRef = 1D4EE68928ECF2B800EC3885 /* LocalizedView.swift */; };
		1D7D4D03290A0C0D00085878 /* NSString+Localized.swift in Sources */ = {isa = PBXBuildFile; fileRef = 1D7D4D02290A0C0D00085878 /* NSString+Localized.swift */; };
		1D7D4D05290A210900085878 /* CTTextAlignment+Localized.swift in Sources */ = {isa = PBXBuildFile; fileRef = 1D7D4D04290A210900085878 /* CTTextAlignment+Localized.swift */; };
		1D87DAD928C40C7E00838580 /* AKLanguageManager.docc in Sources */ = {isa = PBXBuildFile; fileRef = 1D87DAD828C40C7E00838580 /* AKLanguageManager.docc */; };
		1D87DADF28C40C7E00838580 /* AKLanguageManager.framework in Frameworks */ = {isa = PBXBuildFile; fileRef = 1D87DAD428C40C7E00838580 /* AKLanguageManager.framework */; };
		1D87DAE428C40C7E00838580 /* AKLanguageManagerTests.swift in Sources */ = {isa = PBXBuildFile; fileRef = 1D87DAE328C40C7E00838580 /* AKLanguageManagerTests.swift */; };
		1D87DAE528C40C7E00838580 /* AKLanguageManager.h in Headers */ = {isa = PBXBuildFile; fileRef = 1D87DAD728C40C7E00838580 /* AKLanguageManager.h */; settings = {ATTRIBUTES = (Public, ); }; };
		1D98A9B528E8C4D2007AFCD1 /* UIImage+Localized.swift in Sources */ = {isa = PBXBuildFile; fileRef = 1D98A9B428E8C4D2007AFCD1 /* UIImage+Localized.swift */; };
		1D98A9B728E8C50C007AFCD1 /* NSTextAlignment+Localized.swift in Sources */ = {isa = PBXBuildFile; fileRef = 1D98A9B628E8C50C007AFCD1 /* NSTextAlignment+Localized.swift */; };
		1D98A9B928E8C543007AFCD1 /* NSAttributedString+Localized.swift in Sources */ = {isa = PBXBuildFile; fileRef = 1D98A9B828E8C543007AFCD1 /* NSAttributedString+Localized.swift */; };
		1D98A9BB28E8C65C007AFCD1 /* Int+Localized.swift in Sources */ = {isa = PBXBuildFile; fileRef = 1D98A9BA28E8C65C007AFCD1 /* Int+Localized.swift */; };
		1D98A9BD28E8CA43007AFCD1 /* Double+Localized.swift in Sources */ = {isa = PBXBuildFile; fileRef = 1D98A9BC28E8CA43007AFCD1 /* Double+Localized.swift */; };
		1D98A9BF28E8CB29007AFCD1 /* NSNumber+Localized.swift in Sources */ = {isa = PBXBuildFile; fileRef = 1D98A9BE28E8CB29007AFCD1 /* NSNumber+Localized.swift */; };
		1D9A3C4A28DA942500261C65 /* LanguagesTests.swift in Sources */ = {isa = PBXBuildFile; fileRef = 1D9A3C4928DA942500261C65 /* LanguagesTests.swift */; };
		1D9A3C4C28DA9C6A00261C65 /* MakeUI.swift in Sources */ = {isa = PBXBuildFile; fileRef = 1D9A3C4B28DA9C6A00261C65 /* MakeUI.swift */; };
		1D9A3C4E28DA9E1000261C65 /* StorageTests.swift in Sources */ = {isa = PBXBuildFile; fileRef = 1D9A3C4D28DA9E1000261C65 /* StorageTests.swift */; };
		1D9A3C5028DA9EA100261C65 /* MockUserDefaults.swift in Sources */ = {isa = PBXBuildFile; fileRef = 1D9A3C4F28DA9EA100261C65 /* MockUserDefaults.swift */; };
		1D9A3C5228DAA35600261C65 /* LocalizedStringTests.swift in Sources */ = {isa = PBXBuildFile; fileRef = 1D9A3C5128DAA35600261C65 /* LocalizedStringTests.swift */; };
		1D9A3C5528DE81C400261C65 /* OtherLocalizables.strings in Resources */ = {isa = PBXBuildFile; fileRef = 1D9A3C5728DE81C400261C65 /* OtherLocalizables.strings */; };
		1D9A3C5A28DE8ECC00261C65 /* LocalizedUtilitiesTests.swift in Sources */ = {isa = PBXBuildFile; fileRef = 1D9A3C5928DE8ECC00261C65 /* LocalizedUtilitiesTests.swift */; };
		1D9A3C5C28DF38FB00261C65 /* Assets.xcassets in Resources */ = {isa = PBXBuildFile; fileRef = 1D9A3C5B28DF38FB00261C65 /* Assets.xcassets */; };
		1D9A3C5E28DF506900261C65 /* LocalizedUIViewTests.swift in Sources */ = {isa = PBXBuildFile; fileRef = 1D9A3C5D28DF506900261C65 /* LocalizedUIViewTests.swift */; };
		1DB2181D28E58181009BF6ED /* Swizzle.swift in Sources */ = {isa = PBXBuildFile; fileRef = 1DB2181C28E58181009BF6ED /* Swizzle.swift */; };
		1DD325CE28D71A93003D3C0A /* XibFileViewController.swift in Sources */ = {isa = PBXBuildFile; fileRef = 1DD325CC28D71A93003D3C0A /* XibFileViewController.swift */; };
		1DD325D028D71E3B003D3C0A /* XibFileViewController.xib in Resources */ = {isa = PBXBuildFile; fileRef = 1DD325D228D71E3B003D3C0A /* XibFileViewController.xib */; };
		1DD325D828D71EF1003D3C0A /* Localizable.strings in Resources */ = {isa = PBXBuildFile; fileRef = 1DD325DA28D71EF1003D3C0A /* Localizable.strings */; };
		1DD325DE28D7C27B003D3C0A /* MockStorage.swift in Sources */ = {isa = PBXBuildFile; fileRef = 1DD325DD28D7C27B003D3C0A /* MockStorage.swift */; };
		1DD5803028CAF0B400DCD270 /* Language.swift in Sources */ = {isa = PBXBuildFile; fileRef = 1DD5802D28CAF0B400DCD270 /* Language.swift */; };
		1DD5803A28CAF0CB00DCD270 /* UIView+Swizzle.swift in Sources */ = {isa = PBXBuildFile; fileRef = 1DD5803428CAF0CB00DCD270 /* UIView+Swizzle.swift */; };
		1DD5803B28CAF0CB00DCD270 /* Storage.swift in Sources */ = {isa = PBXBuildFile; fileRef = 1DD5803528CAF0CB00DCD270 /* Storage.swift */; };
		1DD5803E28CAF0D500DCD270 /* AKLanguageManager.swift in Sources */ = {isa = PBXBuildFile; fileRef = 1DD5803D28CAF0D500DCD270 /* AKLanguageManager.swift */; };
/* End PBXBuildFile section */

/* Begin PBXContainerItemProxy section */
		1D87DAE028C40C7E00838580 /* PBXContainerItemProxy */ = {
			isa = PBXContainerItemProxy;
			containerPortal = 1D87DACB28C40C7D00838580 /* Project object */;
			proxyType = 1;
			remoteGlobalIDString = 1D87DAD328C40C7E00838580;
			remoteInfo = AKLanguageManager;
		};
/* End PBXContainerItemProxy section */

/* Begin PBXFileReference section */
		0709192ADF1F3C149994BACE /* Pods-AKLanguageManager-AKLanguageManagerTests.debug.xcconfig */ = {isa = PBXFileReference; includeInIndex = 1; lastKnownFileType = text.xcconfig; name = "Pods-AKLanguageManager-AKLanguageManagerTests.debug.xcconfig"; path = "Target Support Files/Pods-AKLanguageManager-AKLanguageManagerTests/Pods-AKLanguageManager-AKLanguageManagerTests.debug.xcconfig"; sourceTree = "<group>"; };
		1D2A6C8528F0FD34000EE30D /* View+Localized.swift */ = {isa = PBXFileReference; lastKnownFileType = sourcecode.swift; path = "View+Localized.swift"; sourceTree = "<group>"; };
		1D2A6C8728F0FD6E000EE30D /* Image+Localized.swift */ = {isa = PBXFileReference; lastKnownFileType = sourcecode.swift; path = "Image+Localized.swift"; sourceTree = "<group>"; };
		1D2A6C8B28F1105F000EE30D /* LocalizedViewTests.swift */ = {isa = PBXFileReference; lastKnownFileType = sourcecode.swift; path = LocalizedViewTests.swift; sourceTree = "<group>"; };
		1D2CC63028D0D5640000DFEF /* UIImageView+Localizable.swift */ = {isa = PBXFileReference; lastKnownFileType = sourcecode.swift; path = "UIImageView+Localizable.swift"; sourceTree = "<group>"; };
		1D4074F728D0153B000A1DF0 /* Localizable.swift */ = {isa = PBXFileReference; lastKnownFileType = sourcecode.swift; path = Localizable.swift; sourceTree = "<group>"; };
		1D4074F928D01699000A1DF0 /* UIView+Localizable.swift */ = {isa = PBXFileReference; lastKnownFileType = sourcecode.swift; path = "UIView+Localizable.swift"; sourceTree = "<group>"; };
		1D4074FB28D0181B000A1DF0 /* String+Localized.swift */ = {isa = PBXFileReference; lastKnownFileType = sourcecode.swift; path = "String+Localized.swift"; sourceTree = "<group>"; };
		1D4074FD28D01A6C000A1DF0 /* Bundle+Swizzle.swift */ = {isa = PBXFileReference; lastKnownFileType = sourcecode.swift; path = "Bundle+Swizzle.swift"; sourceTree = "<group>"; };
		1D4074FF28D01B07000A1DF0 /* UILabel+Localizable.swift */ = {isa = PBXFileReference; lastKnownFileType = sourcecode.swift; path = "UILabel+Localizable.swift"; sourceTree = "<group>"; };
		1D40750128D01B63000A1DF0 /* UITextView+Localizable.swift */ = {isa = PBXFileReference; lastKnownFileType = sourcecode.swift; path = "UITextView+Localizable.swift"; sourceTree = "<group>"; };
		1D40750328D01BA9000A1DF0 /* UITextField+Localizable.swift */ = {isa = PBXFileReference; lastKnownFileType = sourcecode.swift; path = "UITextField+Localizable.swift"; sourceTree = "<group>"; };
		1D40750528D01BEF000A1DF0 /* UITabBar+Localizable.swift */ = {isa = PBXFileReference; lastKnownFileType = sourcecode.swift; path = "UITabBar+Localizable.swift"; sourceTree = "<group>"; };
		1D40750728D01C53000A1DF0 /* UIButton+Localizable.swift */ = {isa = PBXFileReference; lastKnownFileType = sourcecode.swift; path = "UIButton+Localizable.swift"; sourceTree = "<group>"; };
		1D40750928D01D08000A1DF0 /* UISegmentedControl+Localizable.swift */ = {isa = PBXFileReference; lastKnownFileType = sourcecode.swift; path = "UISegmentedControl+Localizable.swift"; sourceTree = "<group>"; };
		1D43EC7F28EA741E000259A3 /* Bundle.swift */ = {isa = PBXFileReference; lastKnownFileType = sourcecode.swift; path = Bundle.swift; sourceTree = "<group>"; };
		1D4EE68928ECF2B800EC3885 /* LocalizedView.swift */ = {isa = PBXFileReference; lastKnownFileType = sourcecode.swift; path = LocalizedView.swift; sourceTree = "<group>"; };
		1D7D4D02290A0C0D00085878 /* NSString+Localized.swift */ = {isa = PBXFileReference; fileEncoding = 4; lastKnownFileType = sourcecode.swift; path = "NSString+Localized.swift"; sourceTree = "<group>"; };
		1D7D4D04290A210900085878 /* CTTextAlignment+Localized.swift */ = {isa = PBXFileReference; lastKnownFileType = sourcecode.swift; path = "CTTextAlignment+Localized.swift"; sourceTree = "<group>"; };
		1D87DAD428C40C7E00838580 /* AKLanguageManager.framework */ = {isa = PBXFileReference; explicitFileType = wrapper.framework; includeInIndex = 0; path = AKLanguageManager.framework; sourceTree = BUILT_PRODUCTS_DIR; };
		1D87DAD728C40C7E00838580 /* AKLanguageManager.h */ = {isa = PBXFileReference; lastKnownFileType = sourcecode.c.h; path = AKLanguageManager.h; sourceTree = "<group>"; };
		1D87DAD828C40C7E00838580 /* AKLanguageManager.docc */ = {isa = PBXFileReference; lastKnownFileType = folder.documentationcatalog; path = AKLanguageManager.docc; sourceTree = "<group>"; };
		1D87DADE28C40C7E00838580 /* AKLanguageManagerTests.xctest */ = {isa = PBXFileReference; explicitFileType = wrapper.cfbundle; includeInIndex = 0; path = AKLanguageManagerTests.xctest; sourceTree = BUILT_PRODUCTS_DIR; };
		1D87DAE328C40C7E00838580 /* AKLanguageManagerTests.swift */ = {isa = PBXFileReference; lastKnownFileType = sourcecode.swift; path = AKLanguageManagerTests.swift; sourceTree = "<group>"; };
		1D98A9B428E8C4D2007AFCD1 /* UIImage+Localized.swift */ = {isa = PBXFileReference; lastKnownFileType = sourcecode.swift; path = "UIImage+Localized.swift"; sourceTree = "<group>"; };
		1D98A9B628E8C50C007AFCD1 /* NSTextAlignment+Localized.swift */ = {isa = PBXFileReference; lastKnownFileType = sourcecode.swift; path = "NSTextAlignment+Localized.swift"; sourceTree = "<group>"; };
		1D98A9B828E8C543007AFCD1 /* NSAttributedString+Localized.swift */ = {isa = PBXFileReference; lastKnownFileType = sourcecode.swift; path = "NSAttributedString+Localized.swift"; sourceTree = "<group>"; };
		1D98A9BA28E8C65C007AFCD1 /* Int+Localized.swift */ = {isa = PBXFileReference; lastKnownFileType = sourcecode.swift; path = "Int+Localized.swift"; sourceTree = "<group>"; };
		1D98A9BC28E8CA43007AFCD1 /* Double+Localized.swift */ = {isa = PBXFileReference; lastKnownFileType = sourcecode.swift; path = "Double+Localized.swift"; sourceTree = "<group>"; };
		1D98A9BE28E8CB29007AFCD1 /* NSNumber+Localized.swift */ = {isa = PBXFileReference; lastKnownFileType = sourcecode.swift; path = "NSNumber+Localized.swift"; sourceTree = "<group>"; };
		1D9A3C4928DA942500261C65 /* LanguagesTests.swift */ = {isa = PBXFileReference; lastKnownFileType = sourcecode.swift; path = LanguagesTests.swift; sourceTree = "<group>"; };
		1D9A3C4B28DA9C6A00261C65 /* MakeUI.swift */ = {isa = PBXFileReference; lastKnownFileType = sourcecode.swift; path = MakeUI.swift; sourceTree = "<group>"; };
		1D9A3C4D28DA9E1000261C65 /* StorageTests.swift */ = {isa = PBXFileReference; lastKnownFileType = sourcecode.swift; path = StorageTests.swift; sourceTree = "<group>"; };
		1D9A3C4F28DA9EA100261C65 /* MockUserDefaults.swift */ = {isa = PBXFileReference; lastKnownFileType = sourcecode.swift; path = MockUserDefaults.swift; sourceTree = "<group>"; };
		1D9A3C5128DAA35600261C65 /* LocalizedStringTests.swift */ = {isa = PBXFileReference; lastKnownFileType = sourcecode.swift; path = LocalizedStringTests.swift; sourceTree = "<group>"; };
		1D9A3C5628DE81C400261C65 /* en */ = {isa = PBXFileReference; lastKnownFileType = text.plist.strings; name = en; path = en.lproj/OtherLocalizables.strings; sourceTree = "<group>"; };
		1D9A3C5828DE81C600261C65 /* ar */ = {isa = PBXFileReference; lastKnownFileType = text.plist.strings; name = ar; path = ar.lproj/OtherLocalizables.strings; sourceTree = "<group>"; };
		1D9A3C5928DE8ECC00261C65 /* LocalizedUtilitiesTests.swift */ = {isa = PBXFileReference; lastKnownFileType = sourcecode.swift; path = LocalizedUtilitiesTests.swift; sourceTree = "<group>"; };
		1D9A3C5B28DF38FB00261C65 /* Assets.xcassets */ = {isa = PBXFileReference; lastKnownFileType = folder.assetcatalog; path = Assets.xcassets; sourceTree = "<group>"; };
		1D9A3C5D28DF506900261C65 /* LocalizedUIViewTests.swift */ = {isa = PBXFileReference; lastKnownFileType = sourcecode.swift; path = LocalizedUIViewTests.swift; sourceTree = "<group>"; };
		1DB2181C28E58181009BF6ED /* Swizzle.swift */ = {isa = PBXFileReference; lastKnownFileType = sourcecode.swift; path = Swizzle.swift; sourceTree = "<group>"; };
		1DD325CC28D71A93003D3C0A /* XibFileViewController.swift */ = {isa = PBXFileReference; lastKnownFileType = sourcecode.swift; path = XibFileViewController.swift; sourceTree = "<group>"; };
		1DD325D128D71E3B003D3C0A /* Base */ = {isa = PBXFileReference; lastKnownFileType = file.xib; name = Base; path = Base.lproj/XibFileViewController.xib; sourceTree = "<group>"; };
		1DD325D428D71E3F003D3C0A /* en */ = {isa = PBXFileReference; lastKnownFileType = text.plist.strings; name = en; path = en.lproj/XibFileViewController.strings; sourceTree = "<group>"; };
		1DD325D528D71E4C003D3C0A /* ar */ = {isa = PBXFileReference; lastKnownFileType = text.plist.strings; name = ar; path = ar.lproj/XibFileViewController.strings; sourceTree = "<group>"; };
		1DD325D928D71EF1003D3C0A /* en */ = {isa = PBXFileReference; lastKnownFileType = text.plist.strings; name = en; path = en.lproj/Localizable.strings; sourceTree = "<group>"; };
		1DD325DB28D71EF3003D3C0A /* ar */ = {isa = PBXFileReference; lastKnownFileType = text.plist.strings; name = ar; path = ar.lproj/Localizable.strings; sourceTree = "<group>"; };
		1DD325DD28D7C27B003D3C0A /* MockStorage.swift */ = {isa = PBXFileReference; lastKnownFileType = sourcecode.swift; path = MockStorage.swift; sourceTree = "<group>"; };
		1DD5802D28CAF0B400DCD270 /* Language.swift */ = {isa = PBXFileReference; fileEncoding = 4; lastKnownFileType = sourcecode.swift; path = Language.swift; sourceTree = "<group>"; };
		1DD5803428CAF0CB00DCD270 /* UIView+Swizzle.swift */ = {isa = PBXFileReference; fileEncoding = 4; lastKnownFileType = sourcecode.swift; path = "UIView+Swizzle.swift"; sourceTree = "<group>"; };
		1DD5803528CAF0CB00DCD270 /* Storage.swift */ = {isa = PBXFileReference; fileEncoding = 4; lastKnownFileType = sourcecode.swift; path = Storage.swift; sourceTree = "<group>"; };
		1DD5803D28CAF0D500DCD270 /* AKLanguageManager.swift */ = {isa = PBXFileReference; fileEncoding = 4; lastKnownFileType = sourcecode.swift; path = AKLanguageManager.swift; sourceTree = "<group>"; };
		2228D014A590DE102910C3C8 /* Pods_AKLanguageManager.framework */ = {isa = PBXFileReference; explicitFileType = wrapper.framework; includeInIndex = 0; path = Pods_AKLanguageManager.framework; sourceTree = BUILT_PRODUCTS_DIR; };
		774E890E500B46C5170AA8D3 /* Pods-AKLanguageManager.debug.xcconfig */ = {isa = PBXFileReference; includeInIndex = 1; lastKnownFileType = text.xcconfig; name = "Pods-AKLanguageManager.debug.xcconfig"; path = "Target Support Files/Pods-AKLanguageManager/Pods-AKLanguageManager.debug.xcconfig"; sourceTree = "<group>"; };
		CDED7F2FC74370BC22E3F71B /* Pods_AKLanguageManager_AKLanguageManagerTests.framework */ = {isa = PBXFileReference; explicitFileType = wrapper.framework; includeInIndex = 0; path = Pods_AKLanguageManager_AKLanguageManagerTests.framework; sourceTree = BUILT_PRODUCTS_DIR; };
		D1B6BFAE0A8EA6BD9B760163 /* Pods-AKLanguageManager.release.xcconfig */ = {isa = PBXFileReference; includeInIndex = 1; lastKnownFileType = text.xcconfig; name = "Pods-AKLanguageManager.release.xcconfig"; path = "Target Support Files/Pods-AKLanguageManager/Pods-AKLanguageManager.release.xcconfig"; sourceTree = "<group>"; };
		D6D75ADCB7CC72D23587A987 /* Pods-AKLanguageManager-AKLanguageManagerTests.release.xcconfig */ = {isa = PBXFileReference; includeInIndex = 1; lastKnownFileType = text.xcconfig; name = "Pods-AKLanguageManager-AKLanguageManagerTests.release.xcconfig"; path = "Target Support Files/Pods-AKLanguageManager-AKLanguageManagerTests/Pods-AKLanguageManager-AKLanguageManagerTests.release.xcconfig"; sourceTree = "<group>"; };
/* End PBXFileReference section */

/* Begin PBXFrameworksBuildPhase section */
		1D87DAD128C40C7E00838580 /* Frameworks */ = {
			isa = PBXFrameworksBuildPhase;
			buildActionMask = 2147483647;
			files = (
				0B479F185AA146FE63EF613B /* Pods_AKLanguageManager.framework in Frameworks */,
			);
			runOnlyForDeploymentPostprocessing = 0;
		};
		1D87DADB28C40C7E00838580 /* Frameworks */ = {
			isa = PBXFrameworksBuildPhase;
			buildActionMask = 2147483647;
			files = (
				1D87DADF28C40C7E00838580 /* AKLanguageManager.framework in Frameworks */,
				00532023366737FCD8FA55C0 /* Pods_AKLanguageManager_AKLanguageManagerTests.framework in Frameworks */,
			);
			runOnlyForDeploymentPostprocessing = 0;
		};
/* End PBXFrameworksBuildPhase section */

/* Begin PBXGroup section */
		1D05A85628EA699900E622DB /* AKLanguageManagerTests */ = {
			isa = PBXGroup;
			children = (
				1D87DAE328C40C7E00838580 /* AKLanguageManagerTests.swift */,
				1D9A3C4928DA942500261C65 /* LanguagesTests.swift */,
				1D9A3C4D28DA9E1000261C65 /* StorageTests.swift */,
				1D9A3C5D28DF506900261C65 /* LocalizedUIViewTests.swift */,
				1D9A3C5928DE8ECC00261C65 /* LocalizedUtilitiesTests.swift */,
				1D9A3C5128DAA35600261C65 /* LocalizedStringTests.swift */,
				1D2A6C8B28F1105F000EE30D /* LocalizedViewTests.swift */,
				1D70F06528EA677600364114 /* Helpers */,
				1D05A85728EA6F5C00E622DB /* Resources */,
			);
			path = AKLanguageManagerTests;
			sourceTree = "<group>";
		};
		1D05A85728EA6F5C00E622DB /* Resources */ = {
			isa = PBXGroup;
			children = (
				1DD325D228D71E3B003D3C0A /* XibFileViewController.xib */,
				1DD325DA28D71EF1003D3C0A /* Localizable.strings */,
				1D9A3C5728DE81C400261C65 /* OtherLocalizables.strings */,
				1D9A3C5B28DF38FB00261C65 /* Assets.xcassets */,
			);
			path = Resources;
			sourceTree = "<group>";
		};
		1D70F06428EA673400364114 /* AKLanguageManager */ = {
			isa = PBXGroup;
			children = (
				1DD5803D28CAF0D500DCD270 /* AKLanguageManager.swift */,
				1DD5802328CAEFEF00DCD270 /* Helpers */,
				1DD5803F28CAF0E000DCD270 /* Extensions */,
			);
			path = AKLanguageManager;
			sourceTree = "<group>";
		};
		1D70F06528EA677600364114 /* Helpers */ = {
			isa = PBXGroup;
			children = (
				1D43EC7F28EA741E000259A3 /* Bundle.swift */,
				1D9A3C4B28DA9C6A00261C65 /* MakeUI.swift */,
				1DD325CA28D71A00003D3C0A /* Mocks */,
			);
			path = Helpers;
			sourceTree = "<group>";
		};
		1D7D4CFE29059D8D00085878 /* UIKit */ = {
			isa = PBXGroup;
			children = (
				1D4074F928D01699000A1DF0 /* UIView+Localizable.swift */,
				1D4074FF28D01B07000A1DF0 /* UILabel+Localizable.swift */,
				1D40750128D01B63000A1DF0 /* UITextView+Localizable.swift */,
				1D40750328D01BA9000A1DF0 /* UITextField+Localizable.swift */,
				1D40750528D01BEF000A1DF0 /* UITabBar+Localizable.swift */,
				1D40750728D01C53000A1DF0 /* UIButton+Localizable.swift */,
				1D40750928D01D08000A1DF0 /* UISegmentedControl+Localizable.swift */,
				1D2CC63028D0D5640000DFEF /* UIImageView+Localizable.swift */,
				1D98A9B428E8C4D2007AFCD1 /* UIImage+Localized.swift */,
				1D98A9B628E8C50C007AFCD1 /* NSTextAlignment+Localized.swift */,
				1D7D4D04290A210900085878 /* CTTextAlignment+Localized.swift */,
			);
			path = UIKit;
			sourceTree = "<group>";
		};
		1D7D4CFF29059DC600085878 /* SwiftUI */ = {
			isa = PBXGroup;
			children = (
				1D2A6C8528F0FD34000EE30D /* View+Localized.swift */,
				1D2A6C8728F0FD6E000EE30D /* Image+Localized.swift */,
			);
			path = SwiftUI;
			sourceTree = "<group>";
		};
		1D7D4D0129064E1600085878 /* DataTypes */ = {
			isa = PBXGroup;
			children = (
				1D4074FB28D0181B000A1DF0 /* String+Localized.swift */,
				1D98A9BA28E8C65C007AFCD1 /* Int+Localized.swift */,
				1D98A9BC28E8CA43007AFCD1 /* Double+Localized.swift */,
				1D7D4D02290A0C0D00085878 /* NSString+Localized.swift */,
				1D98A9B828E8C543007AFCD1 /* NSAttributedString+Localized.swift */,
				1D98A9BE28E8CB29007AFCD1 /* NSNumber+Localized.swift */,
			);
			path = DataTypes;
			sourceTree = "<group>";
		};
		1D87DACA28C40C7D00838580 = {
			isa = PBXGroup;
			children = (
				1DD5802128CAEFC900DCD270 /* Sources */,
				1D87DAE228C40C7E00838580 /* Tests */,
				1D87DAD528C40C7E00838580 /* Products */,
				74DBBC22DB198A1511E76A62 /* Pods */,
				B65734CC42A1AD11850F3ACE /* Frameworks */,
			);
			sourceTree = "<group>";
		};
		1D87DAD528C40C7E00838580 /* Products */ = {
			isa = PBXGroup;
			children = (
				1D87DAD428C40C7E00838580 /* AKLanguageManager.framework */,
				1D87DADE28C40C7E00838580 /* AKLanguageManagerTests.xctest */,
			);
			name = Products;
			sourceTree = "<group>";
		};
		1D87DAE228C40C7E00838580 /* Tests */ = {
			isa = PBXGroup;
			children = (
				1D05A85628EA699900E622DB /* AKLanguageManagerTests */,
			);
			path = Tests;
			sourceTree = "<group>";
		};
		1DD325CA28D71A00003D3C0A /* Mocks */ = {
			isa = PBXGroup;
			children = (
				1D9A3C4F28DA9EA100261C65 /* MockUserDefaults.swift */,
				1DD325DD28D7C27B003D3C0A /* MockStorage.swift */,
				1DD325CC28D71A93003D3C0A /* XibFileViewController.swift */,
			);
			path = Mocks;
			sourceTree = "<group>";
		};
		1DD5802128CAEFC900DCD270 /* Sources */ = {
			isa = PBXGroup;
			children = (
				1D70F06428EA673400364114 /* AKLanguageManager */,
				1D87DAD728C40C7E00838580 /* AKLanguageManager.h */,
				1D87DAD828C40C7E00838580 /* AKLanguageManager.docc */,
			);
			path = Sources;
			sourceTree = "<group>";
		};
		1DD5802328CAEFEF00DCD270 /* Helpers */ = {
			isa = PBXGroup;
			children = (
				1DD5802D28CAF0B400DCD270 /* Language.swift */,
				1DD5803528CAF0CB00DCD270 /* Storage.swift */,
				1D4074F728D0153B000A1DF0 /* Localizable.swift */,
				1DB2181C28E58181009BF6ED /* Swizzle.swift */,
				1D4EE68928ECF2B800EC3885 /* LocalizedView.swift */,
			);
			path = Helpers;
			sourceTree = "<group>";
		};
		1DD5803F28CAF0E000DCD270 /* Extensions */ = {
			isa = PBXGroup;
			children = (
				1D4074FD28D01A6C000A1DF0 /* Bundle+Swizzle.swift */,
				1DD5803428CAF0CB00DCD270 /* UIView+Swizzle.swift */,
				1D7D4D0129064E1600085878 /* DataTypes */,
				1D7D4CFF29059DC600085878 /* SwiftUI */,
				1D7D4CFE29059D8D00085878 /* UIKit */,
			);
			path = Extensions;
			sourceTree = "<group>";
		};
		74DBBC22DB198A1511E76A62 /* Pods */ = {
			isa = PBXGroup;
			children = (
				774E890E500B46C5170AA8D3 /* Pods-AKLanguageManager.debug.xcconfig */,
				D1B6BFAE0A8EA6BD9B760163 /* Pods-AKLanguageManager.release.xcconfig */,
				0709192ADF1F3C149994BACE /* Pods-AKLanguageManager-AKLanguageManagerTests.debug.xcconfig */,
				D6D75ADCB7CC72D23587A987 /* Pods-AKLanguageManager-AKLanguageManagerTests.release.xcconfig */,
			);
			path = Pods;
			sourceTree = "<group>";
		};
		B65734CC42A1AD11850F3ACE /* Frameworks */ = {
			isa = PBXGroup;
			children = (
				2228D014A590DE102910C3C8 /* Pods_AKLanguageManager.framework */,
				CDED7F2FC74370BC22E3F71B /* Pods_AKLanguageManager_AKLanguageManagerTests.framework */,
			);
			name = Frameworks;
			sourceTree = "<group>";
		};
/* End PBXGroup section */

/* Begin PBXHeadersBuildPhase section */
		1D87DACF28C40C7E00838580 /* Headers */ = {
			isa = PBXHeadersBuildPhase;
			buildActionMask = 2147483647;
			files = (
				1D87DAE528C40C7E00838580 /* AKLanguageManager.h in Headers */,
			);
			runOnlyForDeploymentPostprocessing = 0;
		};
/* End PBXHeadersBuildPhase section */

/* Begin PBXNativeTarget section */
		1D87DAD328C40C7E00838580 /* AKLanguageManager */ = {
			isa = PBXNativeTarget;
			buildConfigurationList = 1D87DAE828C40C7E00838580 /* Build configuration list for PBXNativeTarget "AKLanguageManager" */;
			buildPhases = (
				70EB1B291E1ED58CE2FC8E96 /* [CP] Check Pods Manifest.lock */,
				1D87DACF28C40C7E00838580 /* Headers */,
				1D87DAD028C40C7E00838580 /* Sources */,
				1D87DAD128C40C7E00838580 /* Frameworks */,
				1D87DAD228C40C7E00838580 /* Resources */,
			);
			buildRules = (
			);
			dependencies = (
			);
			name = AKLanguageManager;
			productName = AKLanguageManager;
			productReference = 1D87DAD428C40C7E00838580 /* AKLanguageManager.framework */;
			productType = "com.apple.product-type.framework";
		};
		1D87DADD28C40C7E00838580 /* AKLanguageManagerTests */ = {
			isa = PBXNativeTarget;
			buildConfigurationList = 1D87DAEB28C40C7E00838580 /* Build configuration list for PBXNativeTarget "AKLanguageManagerTests" */;
			buildPhases = (
				69529D7AA1BC2C76C467D66F /* [CP] Check Pods Manifest.lock */,
				1D87DADA28C40C7E00838580 /* Sources */,
				1D87DADB28C40C7E00838580 /* Frameworks */,
				1D87DADC28C40C7E00838580 /* Resources */,
			);
			buildRules = (
			);
			dependencies = (
				1D87DAE128C40C7E00838580 /* PBXTargetDependency */,
			);
			name = AKLanguageManagerTests;
			productName = AKLanguageManagerTests;
			productReference = 1D87DADE28C40C7E00838580 /* AKLanguageManagerTests.xctest */;
			productType = "com.apple.product-type.bundle.unit-test";
		};
/* End PBXNativeTarget section */

/* Begin PBXProject section */
		1D87DACB28C40C7D00838580 /* Project object */ = {
			isa = PBXProject;
			attributes = {
				BuildIndependentTargetsInParallel = 1;
				LastSwiftUpdateCheck = 1340;
				LastUpgradeCheck = 1340;
				TargetAttributes = {
					1D87DAD328C40C7E00838580 = {
						CreatedOnToolsVersion = 13.4.1;
					};
					1D87DADD28C40C7E00838580 = {
						CreatedOnToolsVersion = 13.4.1;
					};
				};
			};
			buildConfigurationList = 1D87DACE28C40C7D00838580 /* Build configuration list for PBXProject "AKLanguageManager" */;
			compatibilityVersion = "Xcode 13.0";
			developmentRegion = en;
			hasScannedForEncodings = 0;
			knownRegions = (
				en,
				Base,
				ar,
			);
			mainGroup = 1D87DACA28C40C7D00838580;
			productRefGroup = 1D87DAD528C40C7E00838580 /* Products */;
			projectDirPath = "";
			projectRoot = "";
			targets = (
				1D87DAD328C40C7E00838580 /* AKLanguageManager */,
				1D87DADD28C40C7E00838580 /* AKLanguageManagerTests */,
			);
		};
/* End PBXProject section */

/* Begin PBXResourcesBuildPhase section */
		1D87DAD228C40C7E00838580 /* Resources */ = {
			isa = PBXResourcesBuildPhase;
			buildActionMask = 2147483647;
			files = (
			);
			runOnlyForDeploymentPostprocessing = 0;
		};
		1D87DADC28C40C7E00838580 /* Resources */ = {
			isa = PBXResourcesBuildPhase;
			buildActionMask = 2147483647;
			files = (
				1DD325D028D71E3B003D3C0A /* XibFileViewController.xib in Resources */,
				1DD325D828D71EF1003D3C0A /* Localizable.strings in Resources */,
				1D9A3C5C28DF38FB00261C65 /* Assets.xcassets in Resources */,
				1D9A3C5528DE81C400261C65 /* OtherLocalizables.strings in Resources */,
			);
			runOnlyForDeploymentPostprocessing = 0;
		};
/* End PBXResourcesBuildPhase section */

/* Begin PBXShellScriptBuildPhase section */
		69529D7AA1BC2C76C467D66F /* [CP] Check Pods Manifest.lock */ = {
			isa = PBXShellScriptBuildPhase;
			buildActionMask = 2147483647;
			files = (
			);
			inputFileListPaths = (
			);
			inputPaths = (
				"${PODS_PODFILE_DIR_PATH}/Podfile.lock",
				"${PODS_ROOT}/Manifest.lock",
			);
			name = "[CP] Check Pods Manifest.lock";
			outputFileListPaths = (
			);
			outputPaths = (
				"$(DERIVED_FILE_DIR)/Pods-AKLanguageManager-AKLanguageManagerTests-checkManifestLockResult.txt",
			);
			runOnlyForDeploymentPostprocessing = 0;
			shellPath = /bin/sh;
			shellScript = "diff \"${PODS_PODFILE_DIR_PATH}/Podfile.lock\" \"${PODS_ROOT}/Manifest.lock\" > /dev/null\nif [ $? != 0 ] ; then\n    # print error to STDERR\n    echo \"error: The sandbox is not in sync with the Podfile.lock. Run 'pod install' or update your CocoaPods installation.\" >&2\n    exit 1\nfi\n# This output is used by Xcode 'outputs' to avoid re-running this script phase.\necho \"SUCCESS\" > \"${SCRIPT_OUTPUT_FILE_0}\"\n";
			showEnvVarsInLog = 0;
		};
		70EB1B291E1ED58CE2FC8E96 /* [CP] Check Pods Manifest.lock */ = {
			isa = PBXShellScriptBuildPhase;
			buildActionMask = 2147483647;
			files = (
			);
			inputFileListPaths = (
			);
			inputPaths = (
				"${PODS_PODFILE_DIR_PATH}/Podfile.lock",
				"${PODS_ROOT}/Manifest.lock",
			);
			name = "[CP] Check Pods Manifest.lock";
			outputFileListPaths = (
			);
			outputPaths = (
				"$(DERIVED_FILE_DIR)/Pods-AKLanguageManager-checkManifestLockResult.txt",
			);
			runOnlyForDeploymentPostprocessing = 0;
			shellPath = /bin/sh;
			shellScript = "diff \"${PODS_PODFILE_DIR_PATH}/Podfile.lock\" \"${PODS_ROOT}/Manifest.lock\" > /dev/null\nif [ $? != 0 ] ; then\n    # print error to STDERR\n    echo \"error: The sandbox is not in sync with the Podfile.lock. Run 'pod install' or update your CocoaPods installation.\" >&2\n    exit 1\nfi\n# This output is used by Xcode 'outputs' to avoid re-running this script phase.\necho \"SUCCESS\" > \"${SCRIPT_OUTPUT_FILE_0}\"\n";
			showEnvVarsInLog = 0;
		};
/* End PBXShellScriptBuildPhase section */

/* Begin PBXSourcesBuildPhase section */
		1D87DAD028C40C7E00838580 /* Sources */ = {
			isa = PBXSourcesBuildPhase;
			buildActionMask = 2147483647;
			files = (
				1D4074FA28D01699000A1DF0 /* UIView+Localizable.swift in Sources */,
				1D2A6C8828F0FD6E000EE30D /* Image+Localized.swift in Sources */,
				1D2CC63128D0D5640000DFEF /* UIImageView+Localizable.swift in Sources */,
				1D7D4D03290A0C0D00085878 /* NSString+Localized.swift in Sources */,
				1D98A9BD28E8CA43007AFCD1 /* Double+Localized.swift in Sources */,
				1DD5803028CAF0B400DCD270 /* Language.swift in Sources */,
				1D98A9B928E8C543007AFCD1 /* NSAttributedString+Localized.swift in Sources */,
				1D40750628D01BEF000A1DF0 /* UITabBar+Localizable.swift in Sources */,
				1D4074F828D0153B000A1DF0 /* Localizable.swift in Sources */,
				1D2A6C8628F0FD34000EE30D /* View+Localized.swift in Sources */,
				1D98A9BB28E8C65C007AFCD1 /* Int+Localized.swift in Sources */,
				1D7D4D05290A210900085878 /* CTTextAlignment+Localized.swift in Sources */,
				1D40750228D01B63000A1DF0 /* UITextView+Localizable.swift in Sources */,
				1D40750028D01B07000A1DF0 /* UILabel+Localizable.swift in Sources */,
				1D4074FC28D0181B000A1DF0 /* String+Localized.swift in Sources */,
				1D98A9B728E8C50C007AFCD1 /* NSTextAlignment+Localized.swift in Sources */,
				1D4074FE28D01A6C000A1DF0 /* Bundle+Swizzle.swift in Sources */,
				1D4EE68A28ECF2B800EC3885 /* LocalizedView.swift in Sources */,
				1D40750828D01C53000A1DF0 /* UIButton+Localizable.swift in Sources */,
				1D98A9BF28E8CB29007AFCD1 /* NSNumber+Localized.swift in Sources */,
				1DD5803B28CAF0CB00DCD270 /* Storage.swift in Sources */,
				1D40750428D01BA9000A1DF0 /* UITextField+Localizable.swift in Sources */,
				1DD5803E28CAF0D500DCD270 /* AKLanguageManager.swift in Sources */,
				1D98A9B528E8C4D2007AFCD1 /* UIImage+Localized.swift in Sources */,
				1D87DAD928C40C7E00838580 /* AKLanguageManager.docc in Sources */,
				1D40750A28D01D08000A1DF0 /* UISegmentedControl+Localizable.swift in Sources */,
				1DD5803A28CAF0CB00DCD270 /* UIView+Swizzle.swift in Sources */,
				1DB2181D28E58181009BF6ED /* Swizzle.swift in Sources */,
			);
			runOnlyForDeploymentPostprocessing = 0;
		};
		1D87DADA28C40C7E00838580 /* Sources */ = {
			isa = PBXSourcesBuildPhase;
			buildActionMask = 2147483647;
			files = (
				1DD325DE28D7C27B003D3C0A /* MockStorage.swift in Sources */,
				1D9A3C4A28DA942500261C65 /* LanguagesTests.swift in Sources */,
				1D9A3C5228DAA35600261C65 /* LocalizedStringTests.swift in Sources */,
				1DD325CE28D71A93003D3C0A /* XibFileViewController.swift in Sources */,
				1D9A3C5E28DF506900261C65 /* LocalizedUIViewTests.swift in Sources */,
				1D9A3C4E28DA9E1000261C65 /* StorageTests.swift in Sources */,
				1D9A3C5A28DE8ECC00261C65 /* LocalizedUtilitiesTests.swift in Sources */,
				1D2A6C8C28F1105F000EE30D /* LocalizedViewTests.swift in Sources */,
				1D9A3C4C28DA9C6A00261C65 /* MakeUI.swift in Sources */,
				1D43EC8028EA741E000259A3 /* Bundle.swift in Sources */,
				1D9A3C5028DA9EA100261C65 /* MockUserDefaults.swift in Sources */,
				1D87DAE428C40C7E00838580 /* AKLanguageManagerTests.swift in Sources */,
			);
			runOnlyForDeploymentPostprocessing = 0;
		};
/* End PBXSourcesBuildPhase section */

/* Begin PBXTargetDependency section */
		1D87DAE128C40C7E00838580 /* PBXTargetDependency */ = {
			isa = PBXTargetDependency;
			target = 1D87DAD328C40C7E00838580 /* AKLanguageManager */;
			targetProxy = 1D87DAE028C40C7E00838580 /* PBXContainerItemProxy */;
		};
/* End PBXTargetDependency section */

/* Begin PBXVariantGroup section */
		1D9A3C5728DE81C400261C65 /* OtherLocalizables.strings */ = {
			isa = PBXVariantGroup;
			children = (
				1D9A3C5628DE81C400261C65 /* en */,
				1D9A3C5828DE81C600261C65 /* ar */,
			);
			name = OtherLocalizables.strings;
			sourceTree = "<group>";
		};
		1DD325D228D71E3B003D3C0A /* XibFileViewController.xib */ = {
			isa = PBXVariantGroup;
			children = (
				1DD325D128D71E3B003D3C0A /* Base */,
				1DD325D428D71E3F003D3C0A /* en */,
				1DD325D528D71E4C003D3C0A /* ar */,
			);
			name = XibFileViewController.xib;
			sourceTree = "<group>";
		};
		1DD325DA28D71EF1003D3C0A /* Localizable.strings */ = {
			isa = PBXVariantGroup;
			children = (
				1DD325D928D71EF1003D3C0A /* en */,
				1DD325DB28D71EF3003D3C0A /* ar */,
			);
			name = Localizable.strings;
			sourceTree = "<group>";
		};
/* End PBXVariantGroup section */

/* Begin XCBuildConfiguration section */
		1D87DAE628C40C7E00838580 /* Debug */ = {
			isa = XCBuildConfiguration;
			buildSettings = {
				ALWAYS_SEARCH_USER_PATHS = NO;
				CLANG_ANALYZER_LOCALIZABILITY_NONLOCALIZED = YES;
				CLANG_ANALYZER_NONNULL = YES;
				CLANG_ANALYZER_NUMBER_OBJECT_CONVERSION = YES_AGGRESSIVE;
				CLANG_CXX_LANGUAGE_STANDARD = "gnu++17";
				CLANG_ENABLE_MODULES = YES;
				CLANG_ENABLE_OBJC_ARC = YES;
				CLANG_ENABLE_OBJC_WEAK = YES;
				CLANG_WARN_BLOCK_CAPTURE_AUTORELEASING = YES;
				CLANG_WARN_BOOL_CONVERSION = YES;
				CLANG_WARN_COMMA = YES;
				CLANG_WARN_CONSTANT_CONVERSION = YES;
				CLANG_WARN_DEPRECATED_OBJC_IMPLEMENTATIONS = YES;
				CLANG_WARN_DIRECT_OBJC_ISA_USAGE = YES_ERROR;
				CLANG_WARN_DOCUMENTATION_COMMENTS = YES;
				CLANG_WARN_EMPTY_BODY = YES;
				CLANG_WARN_ENUM_CONVERSION = YES;
				CLANG_WARN_INFINITE_RECURSION = YES;
				CLANG_WARN_INT_CONVERSION = YES;
				CLANG_WARN_NON_LITERAL_NULL_CONVERSION = YES;
				CLANG_WARN_OBJC_IMPLICIT_RETAIN_SELF = YES;
				CLANG_WARN_OBJC_LITERAL_CONVERSION = YES;
				CLANG_WARN_OBJC_ROOT_CLASS = YES_ERROR;
				CLANG_WARN_QUOTED_INCLUDE_IN_FRAMEWORK_HEADER = YES;
				CLANG_WARN_RANGE_LOOP_ANALYSIS = YES;
				CLANG_WARN_STRICT_PROTOTYPES = YES;
				CLANG_WARN_SUSPICIOUS_MOVE = YES;
				CLANG_WARN_UNGUARDED_AVAILABILITY = YES_AGGRESSIVE;
				CLANG_WARN_UNREACHABLE_CODE = YES;
				CLANG_WARN__DUPLICATE_METHOD_MATCH = YES;
				COPY_PHASE_STRIP = NO;
				CURRENT_PROJECT_VERSION = 1;
				DEBUG_INFORMATION_FORMAT = dwarf;
				ENABLE_STRICT_OBJC_MSGSEND = YES;
				ENABLE_TESTABILITY = YES;
				GCC_C_LANGUAGE_STANDARD = gnu11;
				GCC_DYNAMIC_NO_PIC = NO;
				GCC_NO_COMMON_BLOCKS = YES;
				GCC_OPTIMIZATION_LEVEL = 0;
				GCC_PREPROCESSOR_DEFINITIONS = (
					"DEBUG=1",
					"$(inherited)",
				);
				GCC_WARN_64_TO_32_BIT_CONVERSION = YES;
				GCC_WARN_ABOUT_RETURN_TYPE = YES_ERROR;
				GCC_WARN_UNDECLARED_SELECTOR = YES;
				GCC_WARN_UNINITIALIZED_AUTOS = YES_AGGRESSIVE;
				GCC_WARN_UNUSED_FUNCTION = YES;
				GCC_WARN_UNUSED_VARIABLE = YES;
				IPHONEOS_DEPLOYMENT_TARGET = 15.5;
				MTL_ENABLE_DEBUG_INFO = INCLUDE_SOURCE;
				MTL_FAST_MATH = YES;
				ONLY_ACTIVE_ARCH = YES;
				SDKROOT = iphoneos;
				SWIFT_ACTIVE_COMPILATION_CONDITIONS = DEBUG;
				SWIFT_OPTIMIZATION_LEVEL = "-Onone";
				VERSIONING_SYSTEM = "apple-generic";
				VERSION_INFO_PREFIX = "";
			};
			name = Debug;
		};
		1D87DAE728C40C7E00838580 /* Release */ = {
			isa = XCBuildConfiguration;
			buildSettings = {
				ALWAYS_SEARCH_USER_PATHS = NO;
				CLANG_ANALYZER_LOCALIZABILITY_NONLOCALIZED = YES;
				CLANG_ANALYZER_NONNULL = YES;
				CLANG_ANALYZER_NUMBER_OBJECT_CONVERSION = YES_AGGRESSIVE;
				CLANG_CXX_LANGUAGE_STANDARD = "gnu++17";
				CLANG_ENABLE_MODULES = YES;
				CLANG_ENABLE_OBJC_ARC = YES;
				CLANG_ENABLE_OBJC_WEAK = YES;
				CLANG_WARN_BLOCK_CAPTURE_AUTORELEASING = YES;
				CLANG_WARN_BOOL_CONVERSION = YES;
				CLANG_WARN_COMMA = YES;
				CLANG_WARN_CONSTANT_CONVERSION = YES;
				CLANG_WARN_DEPRECATED_OBJC_IMPLEMENTATIONS = YES;
				CLANG_WARN_DIRECT_OBJC_ISA_USAGE = YES_ERROR;
				CLANG_WARN_DOCUMENTATION_COMMENTS = YES;
				CLANG_WARN_EMPTY_BODY = YES;
				CLANG_WARN_ENUM_CONVERSION = YES;
				CLANG_WARN_INFINITE_RECURSION = YES;
				CLANG_WARN_INT_CONVERSION = YES;
				CLANG_WARN_NON_LITERAL_NULL_CONVERSION = YES;
				CLANG_WARN_OBJC_IMPLICIT_RETAIN_SELF = YES;
				CLANG_WARN_OBJC_LITERAL_CONVERSION = YES;
				CLANG_WARN_OBJC_ROOT_CLASS = YES_ERROR;
				CLANG_WARN_QUOTED_INCLUDE_IN_FRAMEWORK_HEADER = YES;
				CLANG_WARN_RANGE_LOOP_ANALYSIS = YES;
				CLANG_WARN_STRICT_PROTOTYPES = YES;
				CLANG_WARN_SUSPICIOUS_MOVE = YES;
				CLANG_WARN_UNGUARDED_AVAILABILITY = YES_AGGRESSIVE;
				CLANG_WARN_UNREACHABLE_CODE = YES;
				CLANG_WARN__DUPLICATE_METHOD_MATCH = YES;
				COPY_PHASE_STRIP = NO;
				CURRENT_PROJECT_VERSION = 1;
				DEBUG_INFORMATION_FORMAT = "dwarf-with-dsym";
				ENABLE_NS_ASSERTIONS = NO;
				ENABLE_STRICT_OBJC_MSGSEND = YES;
				GCC_C_LANGUAGE_STANDARD = gnu11;
				GCC_NO_COMMON_BLOCKS = YES;
				GCC_WARN_64_TO_32_BIT_CONVERSION = YES;
				GCC_WARN_ABOUT_RETURN_TYPE = YES_ERROR;
				GCC_WARN_UNDECLARED_SELECTOR = YES;
				GCC_WARN_UNINITIALIZED_AUTOS = YES_AGGRESSIVE;
				GCC_WARN_UNUSED_FUNCTION = YES;
				GCC_WARN_UNUSED_VARIABLE = YES;
				IPHONEOS_DEPLOYMENT_TARGET = 15.5;
				MTL_ENABLE_DEBUG_INFO = NO;
				MTL_FAST_MATH = YES;
				SDKROOT = iphoneos;
				SWIFT_COMPILATION_MODE = wholemodule;
				SWIFT_OPTIMIZATION_LEVEL = "-O";
				VALIDATE_PRODUCT = YES;
				VERSIONING_SYSTEM = "apple-generic";
				VERSION_INFO_PREFIX = "";
			};
			name = Release;
		};
		1D87DAE928C40C7E00838580 /* Debug */ = {
			isa = XCBuildConfiguration;
			baseConfigurationReference = 774E890E500B46C5170AA8D3 /* Pods-AKLanguageManager.debug.xcconfig */;
			buildSettings = {
				APPLICATION_EXTENSION_API_ONLY = NO;
				CODE_SIGN_STYLE = Automatic;
				CURRENT_PROJECT_VERSION = 1;
				DEFINES_MODULE = YES;
				DEVELOPMENT_TEAM = S84559HK9V;
				DYLIB_COMPATIBILITY_VERSION = 1;
				DYLIB_CURRENT_VERSION = 1;
				DYLIB_INSTALL_NAME_BASE = "@rpath";
				GENERATE_INFOPLIST_FILE = YES;
				INFOPLIST_KEY_NSHumanReadableCopyright = "";
				INSTALL_PATH = "$(LOCAL_LIBRARY_DIR)/Frameworks";
				IPHONEOS_DEPLOYMENT_TARGET = 13.0;
				LD_RUNPATH_SEARCH_PATHS = (
					"$(inherited)",
					"@executable_path/Frameworks",
					"@loader_path/Frameworks",
				);
				MARKETING_VERSION = 1.0;
				PRODUCT_BUNDLE_IDENTIFIER = com.amr.koritem.AKLanguageManager;
				PRODUCT_NAME = "$(TARGET_NAME:c99extidentifier)";
				SKIP_INSTALL = YES;
				SWIFT_EMIT_LOC_STRINGS = YES;
				SWIFT_VERSION = 5.0;
				TARGETED_DEVICE_FAMILY = "1,2";
			};
			name = Debug;
		};
		1D87DAEA28C40C7E00838580 /* Release */ = {
			isa = XCBuildConfiguration;
			baseConfigurationReference = D1B6BFAE0A8EA6BD9B760163 /* Pods-AKLanguageManager.release.xcconfig */;
			buildSettings = {
				APPLICATION_EXTENSION_API_ONLY = NO;
				CODE_SIGN_STYLE = Automatic;
				CURRENT_PROJECT_VERSION = 1;
				DEFINES_MODULE = YES;
				DEVELOPMENT_TEAM = S84559HK9V;
				DYLIB_COMPATIBILITY_VERSION = 1;
				DYLIB_CURRENT_VERSION = 1;
				DYLIB_INSTALL_NAME_BASE = "@rpath";
				GENERATE_INFOPLIST_FILE = YES;
				INFOPLIST_KEY_NSHumanReadableCopyright = "";
				INSTALL_PATH = "$(LOCAL_LIBRARY_DIR)/Frameworks";
				IPHONEOS_DEPLOYMENT_TARGET = 13.0;
				LD_RUNPATH_SEARCH_PATHS = (
					"$(inherited)",
					"@executable_path/Frameworks",
					"@loader_path/Frameworks",
				);
				MARKETING_VERSION = 1.0;
				PRODUCT_BUNDLE_IDENTIFIER = com.amr.koritem.AKLanguageManager;
				PRODUCT_NAME = "$(TARGET_NAME:c99extidentifier)";
				SKIP_INSTALL = YES;
				SWIFT_EMIT_LOC_STRINGS = YES;
				SWIFT_VERSION = 5.0;
				TARGETED_DEVICE_FAMILY = "1,2";
			};
			name = Release;
		};
		1D87DAEC28C40C7E00838580 /* Debug */ = {
			isa = XCBuildConfiguration;
			baseConfigurationReference = 0709192ADF1F3C149994BACE /* Pods-AKLanguageManager-AKLanguageManagerTests.debug.xcconfig */;
			buildSettings = {
				ALWAYS_EMBED_SWIFT_STANDARD_LIBRARIES = YES;
				CODE_SIGN_STYLE = Automatic;
				CURRENT_PROJECT_VERSION = 1;
				DEVELOPMENT_TEAM = S84559HK9V;
				GENERATE_INFOPLIST_FILE = YES;
				MARKETING_VERSION = 1.0;
				PRODUCT_BUNDLE_IDENTIFIER = com.amr.koritem.AKLanguageManagerTests;
				PRODUCT_NAME = "$(TARGET_NAME)";
				SWIFT_ACTIVE_COMPILATION_CONDITIONS = DEBUG;
				SWIFT_EMIT_LOC_STRINGS = NO;
				SWIFT_VERSION = 5.0;
				TARGETED_DEVICE_FAMILY = "1,2";
			};
			name = Debug;
		};
		1D87DAED28C40C7E00838580 /* Release */ = {
			isa = XCBuildConfiguration;
			baseConfigurationReference = D6D75ADCB7CC72D23587A987 /* Pods-AKLanguageManager-AKLanguageManagerTests.release.xcconfig */;
			buildSettings = {
				ALWAYS_EMBED_SWIFT_STANDARD_LIBRARIES = YES;
				CODE_SIGN_STYLE = Automatic;
				CURRENT_PROJECT_VERSION = 1;
				DEVELOPMENT_TEAM = S84559HK9V;
				GENERATE_INFOPLIST_FILE = YES;
				MARKETING_VERSION = 1.0;
				PRODUCT_BUNDLE_IDENTIFIER = com.amr.koritem.AKLanguageManagerTests;
				PRODUCT_NAME = "$(TARGET_NAME)";
				SWIFT_ACTIVE_COMPILATION_CONDITIONS = "";
				SWIFT_EMIT_LOC_STRINGS = NO;
				SWIFT_VERSION = 5.0;
				TARGETED_DEVICE_FAMILY = "1,2";
			};
			name = Release;
		};
/* End XCBuildConfiguration section */

/* Begin XCConfigurationList section */
		1D87DACE28C40C7D00838580 /* Build configuration list for PBXProject "AKLanguageManager" */ = {
			isa = XCConfigurationList;
			buildConfigurations = (
				1D87DAE628C40C7E00838580 /* Debug */,
				1D87DAE728C40C7E00838580 /* Release */,
			);
			defaultConfigurationIsVisible = 0;
			defaultConfigurationName = Release;
		};
		1D87DAE828C40C7E00838580 /* Build configuration list for PBXNativeTarget "AKLanguageManager" */ = {
			isa = XCConfigurationList;
			buildConfigurations = (
				1D87DAE928C40C7E00838580 /* Debug */,
				1D87DAEA28C40C7E00838580 /* Release */,
			);
			defaultConfigurationIsVisible = 0;
			defaultConfigurationName = Release;
		};
		1D87DAEB28C40C7E00838580 /* Build configuration list for PBXNativeTarget "AKLanguageManagerTests" */ = {
			isa = XCConfigurationList;
			buildConfigurations = (
				1D87DAEC28C40C7E00838580 /* Debug */,
				1D87DAED28C40C7E00838580 /* Release */,
			);
			defaultConfigurationIsVisible = 0;
			defaultConfigurationName = Release;
		};
/* End XCConfigurationList section */
	};
	rootObject = 1D87DACB28C40C7D00838580 /* Project object */;
}
