// !$*UTF8*$!
{
	archiveVersion = 1;
	classes = {
	};
	objectVersion = 55;
	objects = {

/* Begin PBXBuildFile section */
		1D98A9A828E65A5D007AFCD1 /* FirstViewController.swift in Sources */ = {isa = PBXBuildFile; fileRef = 1D98A9A428E65A5D007AFCD1 /* FirstViewController.swift */; };
		1D98A9A928E65A5D007AFCD1 /* SettingsViewController.swift in Sources */ = {isa = PBXBuildFile; fileRef = 1D98A9A528E65A5D007AFCD1 /* SettingsViewController.swift */; };
		1D98A9AA28E65A5D007AFCD1 /* SecondViewController.swift in Sources */ = {isa = PBXBuildFile; fileRef = 1D98A9A628E65A5D007AFCD1 /* SecondViewController.swift */; };
		1D98A9AB28E65A5D007AFCD1 /* Routing+Extension.swift in Sources */ = {isa = PBXBuildFile; fileRef = 1D98A9A728E65A5D007AFCD1 /* Routing+Extension.swift */; };
		1D98A9AE28E65A79007AFCD1 /* Localizable.strings in Resources */ = {isa = PBXBuildFile; fileRef = 1D98A9AC28E65A79007AFCD1 /* Localizable.strings */; };
		1DB2183128E65864009BF6ED /* AppDelegate.swift in Sources */ = {isa = PBXBuildFile; fileRef = 1DB2183028E65864009BF6ED /* AppDelegate.swift */; };
		1DB2183328E65864009BF6ED /* SceneDelegate.swift in Sources */ = {isa = PBXBuildFile; fileRef = 1DB2183228E65864009BF6ED /* SceneDelegate.swift */; };
		1DB2183828E65864009BF6ED /* Main.storyboard in Resources */ = {isa = PBXBuildFile; fileRef = 1DB2183628E65864009BF6ED /* Main.storyboard */; };
		1DB2183A28E65867009BF6ED /* Assets.xcassets in Resources */ = {isa = PBXBuildFile; fileRef = 1DB2183928E65867009BF6ED /* Assets.xcassets */; };
		1DB2183D28E65867009BF6ED /* LaunchScreen.storyboard in Resources */ = {isa = PBXBuildFile; fileRef = 1DB2183B28E65867009BF6ED /* LaunchScreen.storyboard */; };
		1DB2184828E65868009BF6ED /* Demo_AKLMTests.swift in Sources */ = {isa = PBXBuildFile; fileRef = 1DB2184728E65868009BF6ED /* Demo_AKLMTests.swift */; };
		1DB2185228E65868009BF6ED /* Demo_AKLMUITests.swift in Sources */ = {isa = PBXBuildFile; fileRef = 1DB2185128E65868009BF6ED /* Demo_AKLMUITests.swift */; };
		1DB2185428E65868009BF6ED /* Demo_AKLMUITestsLaunchTests.swift in Sources */ = {isa = PBXBuildFile; fileRef = 1DB2185328E65868009BF6ED /* Demo_AKLMUITestsLaunchTests.swift */; };
		2B72EEE7163DCA02440BDEBC /* Pods_Demo_AKLM.framework in Frameworks */ = {isa = PBXBuildFile; fileRef = F557B8791D7E0FAADBF4C189 /* Pods_Demo_AKLM.framework */; };
		8F8C55B67A4A9F8C30033896 /* Pods_Demo_AKLM_Demo_AKLMUITests.framework in Frameworks */ = {isa = PBXBuildFile; fileRef = 73CC1704523ADED9ADF92460 /* Pods_Demo_AKLM_Demo_AKLMUITests.framework */; };
		E1D75999FEA94D7ACF6FFEB4 /* Pods_Demo_AKLMTests.framework in Frameworks */ = {isa = PBXBuildFile; fileRef = 0C526741330E9FA7B880ED58 /* Pods_Demo_AKLMTests.framework */; };
/* End PBXBuildFile section */

/* Begin PBXContainerItemProxy section */
		1DB2184428E65868009BF6ED /* PBXContainerItemProxy */ = {
			isa = PBXContainerItemProxy;
			containerPortal = 1DB2182528E65864009BF6ED /* Project object */;
			proxyType = 1;
			remoteGlobalIDString = 1DB2182C28E65864009BF6ED;
			remoteInfo = "Demo-AKLM";
		};
		1DB2184E28E65868009BF6ED /* PBXContainerItemProxy */ = {
			isa = PBXContainerItemProxy;
			containerPortal = 1DB2182528E65864009BF6ED /* Project object */;
			proxyType = 1;
			remoteGlobalIDString = 1DB2182C28E65864009BF6ED;
			remoteInfo = "Demo-AKLM";
		};
/* End PBXContainerItemProxy section */

/* Begin PBXFileReference section */
		0C526741330E9FA7B880ED58 /* Pods_Demo_AKLMTests.framework */ = {isa = PBXFileReference; explicitFileType = wrapper.framework; includeInIndex = 0; path = Pods_Demo_AKLMTests.framework; sourceTree = BUILT_PRODUCTS_DIR; };
		1D98A9A428E65A5D007AFCD1 /* FirstViewController.swift */ = {isa = PBXFileReference; fileEncoding = 4; lastKnownFileType = sourcecode.swift; path = FirstViewController.swift; sourceTree = "<group>"; };
		1D98A9A528E65A5D007AFCD1 /* SettingsViewController.swift */ = {isa = PBXFileReference; fileEncoding = 4; lastKnownFileType = sourcecode.swift; path = SettingsViewController.swift; sourceTree = "<group>"; };
		1D98A9A628E65A5D007AFCD1 /* SecondViewController.swift */ = {isa = PBXFileReference; fileEncoding = 4; lastKnownFileType = sourcecode.swift; path = SecondViewController.swift; sourceTree = "<group>"; };
		1D98A9A728E65A5D007AFCD1 /* Routing+Extension.swift */ = {isa = PBXFileReference; fileEncoding = 4; lastKnownFileType = sourcecode.swift; path = "Routing+Extension.swift"; sourceTree = "<group>"; };
		1D98A9AD28E65A79007AFCD1 /* ar */ = {isa = PBXFileReference; lastKnownFileType = text.plist.strings; name = ar; path = ar.lproj/Localizable.strings; sourceTree = "<group>"; };
		1D98A9AF28E65A91007AFCD1 /* en */ = {isa = PBXFileReference; lastKnownFileType = text.plist.strings; name = en; path = en.lproj/Localizable.strings; sourceTree = "<group>"; };
		1D98A9B328E65AB4007AFCD1 /* en */ = {isa = PBXFileReference; lastKnownFileType = text.plist.strings; name = en; path = en.lproj/Main.strings; sourceTree = "<group>"; };
		1DB2182D28E65864009BF6ED /* Demo-AKLM.app */ = {isa = PBXFileReference; explicitFileType = wrapper.application; includeInIndex = 0; path = "Demo-AKLM.app"; sourceTree = BUILT_PRODUCTS_DIR; };
		1DB2183028E65864009BF6ED /* AppDelegate.swift */ = {isa = PBXFileReference; lastKnownFileType = sourcecode.swift; path = AppDelegate.swift; sourceTree = "<group>"; };
		1DB2183228E65864009BF6ED /* SceneDelegate.swift */ = {isa = PBXFileReference; lastKnownFileType = sourcecode.swift; path = SceneDelegate.swift; sourceTree = "<group>"; };
		1DB2183728E65864009BF6ED /* Base */ = {isa = PBXFileReference; lastKnownFileType = file.storyboard; name = Base; path = Base.lproj/Main.storyboard; sourceTree = "<group>"; };
		1DB2183928E65867009BF6ED /* Assets.xcassets */ = {isa = PBXFileReference; lastKnownFileType = folder.assetcatalog; path = Assets.xcassets; sourceTree = "<group>"; };
		1DB2183C28E65867009BF6ED /* Base */ = {isa = PBXFileReference; lastKnownFileType = file.storyboard; name = Base; path = Base.lproj/LaunchScreen.storyboard; sourceTree = "<group>"; };
		1DB2183E28E65867009BF6ED /* Info.plist */ = {isa = PBXFileReference; lastKnownFileType = text.plist.xml; path = Info.plist; sourceTree = "<group>"; };
		1DB2184328E65868009BF6ED /* Demo-AKLMTests.xctest */ = {isa = PBXFileReference; explicitFileType = wrapper.cfbundle; includeInIndex = 0; path = "Demo-AKLMTests.xctest"; sourceTree = BUILT_PRODUCTS_DIR; };
		1DB2184728E65868009BF6ED /* Demo_AKLMTests.swift */ = {isa = PBXFileReference; lastKnownFileType = sourcecode.swift; path = Demo_AKLMTests.swift; sourceTree = "<group>"; };
		1DB2184D28E65868009BF6ED /* Demo-AKLMUITests.xctest */ = {isa = PBXFileReference; explicitFileType = wrapper.cfbundle; includeInIndex = 0; path = "Demo-AKLMUITests.xctest"; sourceTree = BUILT_PRODUCTS_DIR; };
		1DB2185128E65868009BF6ED /* Demo_AKLMUITests.swift */ = {isa = PBXFileReference; lastKnownFileType = sourcecode.swift; path = Demo_AKLMUITests.swift; sourceTree = "<group>"; };
		1DB2185328E65868009BF6ED /* Demo_AKLMUITestsLaunchTests.swift */ = {isa = PBXFileReference; lastKnownFileType = sourcecode.swift; path = Demo_AKLMUITestsLaunchTests.swift; sourceTree = "<group>"; };
		1DB2186028E6589B009BF6ED /* ar */ = {isa = PBXFileReference; lastKnownFileType = text.plist.strings; name = ar; path = ar.lproj/Main.strings; sourceTree = "<group>"; };
		1DB2186128E6589D009BF6ED /* ar */ = {isa = PBXFileReference; lastKnownFileType = text.plist.strings; name = ar; path = ar.lproj/LaunchScreen.strings; sourceTree = "<group>"; };
		27D6528E96EC22642CE5350B /* Pods-Demo-AKLM.debug.xcconfig */ = {isa = PBXFileReference; includeInIndex = 1; lastKnownFileType = text.xcconfig; name = "Pods-Demo-AKLM.debug.xcconfig"; path = "Target Support Files/Pods-Demo-AKLM/Pods-Demo-AKLM.debug.xcconfig"; sourceTree = "<group>"; };
		2BDD52C52592A7CAC73DA01A /* Pods-Demo-AKLMTests.release.xcconfig */ = {isa = PBXFileReference; includeInIndex = 1; lastKnownFileType = text.xcconfig; name = "Pods-Demo-AKLMTests.release.xcconfig"; path = "Target Support Files/Pods-Demo-AKLMTests/Pods-Demo-AKLMTests.release.xcconfig"; sourceTree = "<group>"; };
		38CADCFE8A6FF4E1F55D5FC4 /* Pods-Demo-AKLM-Demo-AKLMUITests.release.xcconfig */ = {isa = PBXFileReference; includeInIndex = 1; lastKnownFileType = text.xcconfig; name = "Pods-Demo-AKLM-Demo-AKLMUITests.release.xcconfig"; path = "Target Support Files/Pods-Demo-AKLM-Demo-AKLMUITests/Pods-Demo-AKLM-Demo-AKLMUITests.release.xcconfig"; sourceTree = "<group>"; };
		652CBD82CD431E57B3396AB0 /* Pods-Demo-AKLMTests.debug.xcconfig */ = {isa = PBXFileReference; includeInIndex = 1; lastKnownFileType = text.xcconfig; name = "Pods-Demo-AKLMTests.debug.xcconfig"; path = "Target Support Files/Pods-Demo-AKLMTests/Pods-Demo-AKLMTests.debug.xcconfig"; sourceTree = "<group>"; };
		73CC1704523ADED9ADF92460 /* Pods_Demo_AKLM_Demo_AKLMUITests.framework */ = {isa = PBXFileReference; explicitFileType = wrapper.framework; includeInIndex = 0; path = Pods_Demo_AKLM_Demo_AKLMUITests.framework; sourceTree = BUILT_PRODUCTS_DIR; };
		DE0225B6FCC078870367DCE1 /* Pods-Demo-AKLM.release.xcconfig */ = {isa = PBXFileReference; includeInIndex = 1; lastKnownFileType = text.xcconfig; name = "Pods-Demo-AKLM.release.xcconfig"; path = "Target Support Files/Pods-Demo-AKLM/Pods-Demo-AKLM.release.xcconfig"; sourceTree = "<group>"; };
		E70811C96F81E15A05D29E91 /* Pods-Demo-AKLM-Demo-AKLMUITests.debug.xcconfig */ = {isa = PBXFileReference; includeInIndex = 1; lastKnownFileType = text.xcconfig; name = "Pods-Demo-AKLM-Demo-AKLMUITests.debug.xcconfig"; path = "Target Support Files/Pods-Demo-AKLM-Demo-AKLMUITests/Pods-Demo-AKLM-Demo-AKLMUITests.debug.xcconfig"; sourceTree = "<group>"; };
		F557B8791D7E0FAADBF4C189 /* Pods_Demo_AKLM.framework */ = {isa = PBXFileReference; explicitFileType = wrapper.framework; includeInIndex = 0; path = Pods_Demo_AKLM.framework; sourceTree = BUILT_PRODUCTS_DIR; };
/* End PBXFileReference section */

/* Begin PBXFrameworksBuildPhase section */
		1DB2182A28E65864009BF6ED /* Frameworks */ = {
			isa = PBXFrameworksBuildPhase;
			buildActionMask = 2147483647;
			files = (
				2B72EEE7163DCA02440BDEBC /* Pods_Demo_AKLM.framework in Frameworks */,
			);
			runOnlyForDeploymentPostprocessing = 0;
		};
		1DB2184028E65868009BF6ED /* Frameworks */ = {
			isa = PBXFrameworksBuildPhase;
			buildActionMask = 2147483647;
			files = (
				E1D75999FEA94D7ACF6FFEB4 /* Pods_Demo_AKLMTests.framework in Frameworks */,
			);
			runOnlyForDeploymentPostprocessing = 0;
		};
		1DB2184A28E65868009BF6ED /* Frameworks */ = {
			isa = PBXFrameworksBuildPhase;
			buildActionMask = 2147483647;
			files = (
				8F8C55B67A4A9F8C30033896 /* Pods_Demo_AKLM_Demo_AKLMUITests.framework in Frameworks */,
			);
			runOnlyForDeploymentPostprocessing = 0;
		};
/* End PBXFrameworksBuildPhase section */

/* Begin PBXGroup section */
		1DB2182428E65864009BF6ED = {
			isa = PBXGroup;
			children = (
				1DB2182F28E65864009BF6ED /* Demo-AKLM */,
				1DB2184628E65868009BF6ED /* Demo-AKLMTests */,
				1DB2185028E65868009BF6ED /* Demo-AKLMUITests */,
				1DB2182E28E65864009BF6ED /* Products */,
				BDD463F2F8CD35AEF6CA1FDB /* Pods */,
				BD64A06E737C718C7A5737DF /* Frameworks */,
			);
			sourceTree = "<group>";
		};
		1DB2182E28E65864009BF6ED /* Products */ = {
			isa = PBXGroup;
			children = (
				1DB2182D28E65864009BF6ED /* Demo-AKLM.app */,
				1DB2184328E65868009BF6ED /* Demo-AKLMTests.xctest */,
				1DB2184D28E65868009BF6ED /* Demo-AKLMUITests.xctest */,
			);
			name = Products;
			sourceTree = "<group>";
		};
		1DB2182F28E65864009BF6ED /* Demo-AKLM */ = {
			isa = PBXGroup;
			children = (
				1DB2186228E658AD009BF6ED /* SupportFiles */,
				1D98A9A428E65A5D007AFCD1 /* FirstViewController.swift */,
				1D98A9A728E65A5D007AFCD1 /* Routing+Extension.swift */,
				1D98A9A628E65A5D007AFCD1 /* SecondViewController.swift */,
				1D98A9A528E65A5D007AFCD1 /* SettingsViewController.swift */,
				1DB2183628E65864009BF6ED /* Main.storyboard */,
				1D98A9AC28E65A79007AFCD1 /* Localizable.strings */,
				1DB2183928E65867009BF6ED /* Assets.xcassets */,
			);
			path = "Demo-AKLM";
			sourceTree = "<group>";
		};
		1DB2184628E65868009BF6ED /* Demo-AKLMTests */ = {
			isa = PBXGroup;
			children = (
				1DB2184728E65868009BF6ED /* Demo_AKLMTests.swift */,
			);
			path = "Demo-AKLMTests";
			sourceTree = "<group>";
		};
		1DB2185028E65868009BF6ED /* Demo-AKLMUITests */ = {
			isa = PBXGroup;
			children = (
				1DB2185128E65868009BF6ED /* Demo_AKLMUITests.swift */,
				1DB2185328E65868009BF6ED /* Demo_AKLMUITestsLaunchTests.swift */,
			);
			path = "Demo-AKLMUITests";
			sourceTree = "<group>";
		};
		1DB2186228E658AD009BF6ED /* SupportFiles */ = {
			isa = PBXGroup;
			children = (
				1DB2183028E65864009BF6ED /* AppDelegate.swift */,
				1DB2183228E65864009BF6ED /* SceneDelegate.swift */,
				1DB2183B28E65867009BF6ED /* LaunchScreen.storyboard */,
				1DB2183E28E65867009BF6ED /* Info.plist */,
			);
			path = SupportFiles;
			sourceTree = "<group>";
		};
		BD64A06E737C718C7A5737DF /* Frameworks */ = {
			isa = PBXGroup;
			children = (
				F557B8791D7E0FAADBF4C189 /* Pods_Demo_AKLM.framework */,
				73CC1704523ADED9ADF92460 /* Pods_Demo_AKLM_Demo_AKLMUITests.framework */,
				0C526741330E9FA7B880ED58 /* Pods_Demo_AKLMTests.framework */,
			);
			name = Frameworks;
			sourceTree = "<group>";
		};
		BDD463F2F8CD35AEF6CA1FDB /* Pods */ = {
			isa = PBXGroup;
			children = (
				27D6528E96EC22642CE5350B /* Pods-Demo-AKLM.debug.xcconfig */,
				DE0225B6FCC078870367DCE1 /* Pods-Demo-AKLM.release.xcconfig */,
				E70811C96F81E15A05D29E91 /* Pods-Demo-AKLM-Demo-AKLMUITests.debug.xcconfig */,
				38CADCFE8A6FF4E1F55D5FC4 /* Pods-Demo-AKLM-Demo-AKLMUITests.release.xcconfig */,
				652CBD82CD431E57B3396AB0 /* Pods-Demo-AKLMTests.debug.xcconfig */,
				2BDD52C52592A7CAC73DA01A /* Pods-Demo-AKLMTests.release.xcconfig */,
			);
			path = Pods;
			sourceTree = "<group>";
		};
/* End PBXGroup section */

/* Begin PBXNativeTarget section */
		1DB2182C28E65864009BF6ED /* Demo-AKLM */ = {
			isa = PBXNativeTarget;
			buildConfigurationList = 1DB2185728E65868009BF6ED /* Build configuration list for PBXNativeTarget "Demo-AKLM" */;
			buildPhases = (
				623E8D0AF85BDC7D43B1C427 /* [CP] Check Pods Manifest.lock */,
				1DB2182928E65864009BF6ED /* Sources */,
				1DB2182A28E65864009BF6ED /* Frameworks */,
				1DB2182B28E65864009BF6ED /* Resources */,
				09F174AEC515D3B892D480A3 /* [CP] Embed Pods Frameworks */,
			);
			buildRules = (
			);
			dependencies = (
			);
			name = "Demo-AKLM";
			productName = "Demo-AKLM";
			productReference = 1DB2182D28E65864009BF6ED /* Demo-AKLM.app */;
			productType = "com.apple.product-type.application";
		};
		1DB2184228E65868009BF6ED /* Demo-AKLMTests */ = {
			isa = PBXNativeTarget;
			buildConfigurationList = 1DB2185A28E65868009BF6ED /* Build configuration list for PBXNativeTarget "Demo-AKLMTests" */;
			buildPhases = (
				1C34B496A9486E80E0686EF9 /* [CP] Check Pods Manifest.lock */,
				1DB2183F28E65868009BF6ED /* Sources */,
				1DB2184028E65868009BF6ED /* Frameworks */,
				1DB2184128E65868009BF6ED /* Resources */,
			);
			buildRules = (
			);
			dependencies = (
				1DB2184528E65868009BF6ED /* PBXTargetDependency */,
			);
			name = "Demo-AKLMTests";
			productName = "Demo-AKLMTests";
			productReference = 1DB2184328E65868009BF6ED /* Demo-AKLMTests.xctest */;
			productType = "com.apple.product-type.bundle.unit-test";
		};
		1DB2184C28E65868009BF6ED /* Demo-AKLMUITests */ = {
			isa = PBXNativeTarget;
			buildConfigurationList = 1DB2185D28E65868009BF6ED /* Build configuration list for PBXNativeTarget "Demo-AKLMUITests" */;
			buildPhases = (
				78BF715CA01265F688F3ED26 /* [CP] Check Pods Manifest.lock */,
				1DB2184928E65868009BF6ED /* Sources */,
				1DB2184A28E65868009BF6ED /* Frameworks */,
				1DB2184B28E65868009BF6ED /* Resources */,
				E5D50EB7EE208314CFFF95A6 /* [CP] Embed Pods Frameworks */,
			);
			buildRules = (
			);
			dependencies = (
				1DB2184F28E65868009BF6ED /* PBXTargetDependency */,
			);
			name = "Demo-AKLMUITests";
			productName = "Demo-AKLMUITests";
			productReference = 1DB2184D28E65868009BF6ED /* Demo-AKLMUITests.xctest */;
			productType = "com.apple.product-type.bundle.ui-testing";
		};
/* End PBXNativeTarget section */

/* Begin PBXProject section */
		1DB2182528E65864009BF6ED /* Project object */ = {
			isa = PBXProject;
			attributes = {
				BuildIndependentTargetsInParallel = 1;
				LastSwiftUpdateCheck = 1340;
				LastUpgradeCheck = 1340;
				TargetAttributes = {
					1DB2182C28E65864009BF6ED = {
						CreatedOnToolsVersion = 13.4.1;
					};
					1DB2184228E65868009BF6ED = {
						CreatedOnToolsVersion = 13.4.1;
						TestTargetID = 1DB2182C28E65864009BF6ED;
					};
					1DB2184C28E65868009BF6ED = {
						CreatedOnToolsVersion = 13.4.1;
						TestTargetID = 1DB2182C28E65864009BF6ED;
					};
				};
			};
			buildConfigurationList = 1DB2182828E65864009BF6ED /* Build configuration list for PBXProject "Demo-AKLM" */;
			compatibilityVersion = "Xcode 13.0";
			developmentRegion = en;
			hasScannedForEncodings = 0;
			knownRegions = (
				en,
				Base,
				ar,
			);
			mainGroup = 1DB2182428E65864009BF6ED;
			productRefGroup = 1DB2182E28E65864009BF6ED /* Products */;
			projectDirPath = "";
			projectRoot = "";
			targets = (
				1DB2182C28E65864009BF6ED /* Demo-AKLM */,
				1DB2184228E65868009BF6ED /* Demo-AKLMTests */,
				1DB2184C28E65868009BF6ED /* Demo-AKLMUITests */,
			);
		};
/* End PBXProject section */

/* Begin PBXResourcesBuildPhase section */
		1DB2182B28E65864009BF6ED /* Resources */ = {
			isa = PBXResourcesBuildPhase;
			buildActionMask = 2147483647;
			files = (
				1DB2183D28E65867009BF6ED /* LaunchScreen.storyboard in Resources */,
				1D98A9AE28E65A79007AFCD1 /* Localizable.strings in Resources */,
				1DB2183A28E65867009BF6ED /* Assets.xcassets in Resources */,
				1DB2183828E65864009BF6ED /* Main.storyboard in Resources */,
			);
			runOnlyForDeploymentPostprocessing = 0;
		};
		1DB2184128E65868009BF6ED /* Resources */ = {
			isa = PBXResourcesBuildPhase;
			buildActionMask = 2147483647;
			files = (
			);
			runOnlyForDeploymentPostprocessing = 0;
		};
		1DB2184B28E65868009BF6ED /* Resources */ = {
			isa = PBXResourcesBuildPhase;
			buildActionMask = 2147483647;
			files = (
			);
			runOnlyForDeploymentPostprocessing = 0;
		};
/* End PBXResourcesBuildPhase section */

/* Begin PBXShellScriptBuildPhase section */
		09F174AEC515D3B892D480A3 /* [CP] Embed Pods Frameworks */ = {
			isa = PBXShellScriptBuildPhase;
			buildActionMask = 2147483647;
			files = (
			);
			inputFileListPaths = (
				"${PODS_ROOT}/Target Support Files/Pods-Demo-AKLM/Pods-Demo-AKLM-frameworks-${CONFIGURATION}-input-files.xcfilelist",
			);
			name = "[CP] Embed Pods Frameworks";
			outputFileListPaths = (
				"${PODS_ROOT}/Target Support Files/Pods-Demo-AKLM/Pods-Demo-AKLM-frameworks-${CONFIGURATION}-output-files.xcfilelist",
			);
			runOnlyForDeploymentPostprocessing = 0;
			shellPath = /bin/sh;
			shellScript = "\"${PODS_ROOT}/Target Support Files/Pods-Demo-AKLM/Pods-Demo-AKLM-frameworks.sh\"\n";
			showEnvVarsInLog = 0;
		};
		1C34B496A9486E80E0686EF9 /* [CP] Check Pods Manifest.lock */ = {
			isa = PBXShellScriptBuildPhase;
			buildActionMask = 2147483647;
			files = (
			);
			inputFileListPaths = (
			);
			inputPaths = (
				"${PODS_PODFILE_DIR_PATH}/Podfile.lock",
				"${PODS_ROOT}/Manifest.lock",
			);
			name = "[CP] Check Pods Manifest.lock";
			outputFileListPaths = (
			);
			outputPaths = (
				"$(DERIVED_FILE_DIR)/Pods-Demo-AKLMTests-checkManifestLockResult.txt",
			);
			runOnlyForDeploymentPostprocessing = 0;
			shellPath = /bin/sh;
			shellScript = "diff \"${PODS_PODFILE_DIR_PATH}/Podfile.lock\" \"${PODS_ROOT}/Manifest.lock\" > /dev/null\nif [ $? != 0 ] ; then\n    # print error to STDERR\n    echo \"error: The sandbox is not in sync with the Podfile.lock. Run 'pod install' or update your CocoaPods installation.\" >&2\n    exit 1\nfi\n# This output is used by Xcode 'outputs' to avoid re-running this script phase.\necho \"SUCCESS\" > \"${SCRIPT_OUTPUT_FILE_0}\"\n";
			showEnvVarsInLog = 0;
		};
		623E8D0AF85BDC7D43B1C427 /* [CP] Check Pods Manifest.lock */ = {
			isa = PBXShellScriptBuildPhase;
			buildActionMask = 2147483647;
			files = (
			);
			inputFileListPaths = (
			);
			inputPaths = (
				"${PODS_PODFILE_DIR_PATH}/Podfile.lock",
				"${PODS_ROOT}/Manifest.lock",
			);
			name = "[CP] Check Pods Manifest.lock";
			outputFileListPaths = (
			);
			outputPaths = (
				"$(DERIVED_FILE_DIR)/Pods-Demo-AKLM-checkManifestLockResult.txt",
			);
			runOnlyForDeploymentPostprocessing = 0;
			shellPath = /bin/sh;
			shellScript = "diff \"${PODS_PODFILE_DIR_PATH}/Podfile.lock\" \"${PODS_ROOT}/Manifest.lock\" > /dev/null\nif [ $? != 0 ] ; then\n    # print error to STDERR\n    echo \"error: The sandbox is not in sync with the Podfile.lock. Run 'pod install' or update your CocoaPods installation.\" >&2\n    exit 1\nfi\n# This output is used by Xcode 'outputs' to avoid re-running this script phase.\necho \"SUCCESS\" > \"${SCRIPT_OUTPUT_FILE_0}\"\n";
			showEnvVarsInLog = 0;
		};
		78BF715CA01265F688F3ED26 /* [CP] Check Pods Manifest.lock */ = {
			isa = PBXShellScriptBuildPhase;
			buildActionMask = 2147483647;
			files = (
			);
			inputFileListPaths = (
			);
			inputPaths = (
				"${PODS_PODFILE_DIR_PATH}/Podfile.lock",
				"${PODS_ROOT}/Manifest.lock",
			);
			name = "[CP] Check Pods Manifest.lock";
			outputFileListPaths = (
			);
			outputPaths = (
				"$(DERIVED_FILE_DIR)/Pods-Demo-AKLM-Demo-AKLMUITests-checkManifestLockResult.txt",
			);
			runOnlyForDeploymentPostprocessing = 0;
			shellPath = /bin/sh;
			shellScript = "diff \"${PODS_PODFILE_DIR_PATH}/Podfile.lock\" \"${PODS_ROOT}/Manifest.lock\" > /dev/null\nif [ $? != 0 ] ; then\n    # print error to STDERR\n    echo \"error: The sandbox is not in sync with the Podfile.lock. Run 'pod install' or update your CocoaPods installation.\" >&2\n    exit 1\nfi\n# This output is used by Xcode 'outputs' to avoid re-running this script phase.\necho \"SUCCESS\" > \"${SCRIPT_OUTPUT_FILE_0}\"\n";
			showEnvVarsInLog = 0;
		};
		E5D50EB7EE208314CFFF95A6 /* [CP] Embed Pods Frameworks */ = {
			isa = PBXShellScriptBuildPhase;
			buildActionMask = 2147483647;
			files = (
			);
			inputFileListPaths = (
				"${PODS_ROOT}/Target Support Files/Pods-Demo-AKLM-Demo-AKLMUITests/Pods-Demo-AKLM-Demo-AKLMUITests-frameworks-${CONFIGURATION}-input-files.xcfilelist",
			);
			name = "[CP] Embed Pods Frameworks";
			outputFileListPaths = (
				"${PODS_ROOT}/Target Support Files/Pods-Demo-AKLM-Demo-AKLMUITests/Pods-Demo-AKLM-Demo-AKLMUITests-frameworks-${CONFIGURATION}-output-files.xcfilelist",
			);
			runOnlyForDeploymentPostprocessing = 0;
			shellPath = /bin/sh;
			shellScript = "\"${PODS_ROOT}/Target Support Files/Pods-Demo-AKLM-Demo-AKLMUITests/Pods-Demo-AKLM-Demo-AKLMUITests-frameworks.sh\"\n";
			showEnvVarsInLog = 0;
		};
/* End PBXShellScriptBuildPhase section */

/* Begin PBXSourcesBuildPhase section */
		1DB2182928E65864009BF6ED /* Sources */ = {
			isa = PBXSourcesBuildPhase;
			buildActionMask = 2147483647;
			files = (
				1D98A9A828E65A5D007AFCD1 /* FirstViewController.swift in Sources */,
				1DB2183128E65864009BF6ED /* AppDelegate.swift in Sources */,
				1DB2183328E65864009BF6ED /* SceneDelegate.swift in Sources */,
				1D98A9AA28E65A5D007AFCD1 /* SecondViewController.swift in Sources */,
				1D98A9AB28E65A5D007AFCD1 /* Routing+Extension.swift in Sources */,
				1D98A9A928E65A5D007AFCD1 /* SettingsViewController.swift in Sources */,
			);
			runOnlyForDeploymentPostprocessing = 0;
		};
		1DB2183F28E65868009BF6ED /* Sources */ = {
			isa = PBXSourcesBuildPhase;
			buildActionMask = 2147483647;
			files = (
				1DB2184828E65868009BF6ED /* Demo_AKLMTests.swift in Sources */,
			);
			runOnlyForDeploymentPostprocessing = 0;
		};
		1DB2184928E65868009BF6ED /* Sources */ = {
			isa = PBXSourcesBuildPhase;
			buildActionMask = 2147483647;
			files = (
				1DB2185428E65868009BF6ED /* Demo_AKLMUITestsLaunchTests.swift in Sources */,
				1DB2185228E65868009BF6ED /* Demo_AKLMUITests.swift in Sources */,
			);
			runOnlyForDeploymentPostprocessing = 0;
		};
/* End PBXSourcesBuildPhase section */

/* Begin PBXTargetDependency section */
		1DB2184528E65868009BF6ED /* PBXTargetDependency */ = {
			isa = PBXTargetDependency;
			target = 1DB2182C28E65864009BF6ED /* Demo-AKLM */;
			targetProxy = 1DB2184428E65868009BF6ED /* PBXContainerItemProxy */;
		};
		1DB2184F28E65868009BF6ED /* PBXTargetDependency */ = {
			isa = PBXTargetDependency;
			target = 1DB2182C28E65864009BF6ED /* Demo-AKLM */;
			targetProxy = 1DB2184E28E65868009BF6ED /* PBXContainerItemProxy */;
		};
/* End PBXTargetDependency section */

/* Begin PBXVariantGroup section */
		1D98A9AC28E65A79007AFCD1 /* Localizable.strings */ = {
			isa = PBXVariantGroup;
			children = (
				1D98A9AD28E65A79007AFCD1 /* ar */,
				1D98A9AF28E65A91007AFCD1 /* en */,
			);
			name = Localizable.strings;
			sourceTree = "<group>";
		};
		1DB2183628E65864009BF6ED /* Main.storyboard */ = {
			isa = PBXVariantGroup;
			children = (
				1DB2183728E65864009BF6ED /* Base */,
				1DB2186028E6589B009BF6ED /* ar */,
				1D98A9B328E65AB4007AFCD1 /* en */,
			);
			name = Main.storyboard;
			sourceTree = "<group>";
		};
		1DB2183B28E65867009BF6ED /* LaunchScreen.storyboard */ = {
			isa = PBXVariantGroup;
			children = (
				1DB2183C28E65867009BF6ED /* Base */,
				1DB2186128E6589D009BF6ED /* ar */,
			);
			name = LaunchScreen.storyboard;
			sourceTree = "<group>";
		};
/* End PBXVariantGroup section */

/* Begin XCBuildConfiguration section */
		1DB2185528E65868009BF6ED /* Debug */ = {
			isa = XCBuildConfiguration;
			buildSettings = {
				ALWAYS_SEARCH_USER_PATHS = NO;
				CLANG_ANALYZER_LOCALIZABILITY_NONLOCALIZED = YES;
				CLANG_ANALYZER_NONNULL = YES;
				CLANG_ANALYZER_NUMBER_OBJECT_CONVERSION = YES_AGGRESSIVE;
				CLANG_CXX_LANGUAGE_STANDARD = "gnu++17";
				CLANG_ENABLE_MODULES = YES;
				CLANG_ENABLE_OBJC_ARC = YES;
				CLANG_ENABLE_OBJC_WEAK = YES;
				CLANG_WARN_BLOCK_CAPTURE_AUTORELEASING = YES;
				CLANG_WARN_BOOL_CONVERSION = YES;
				CLANG_WARN_COMMA = YES;
				CLANG_WARN_CONSTANT_CONVERSION = YES;
				CLANG_WARN_DEPRECATED_OBJC_IMPLEMENTATIONS = YES;
				CLANG_WARN_DIRECT_OBJC_ISA_USAGE = YES_ERROR;
				CLANG_WARN_DOCUMENTATION_COMMENTS = YES;
				CLANG_WARN_EMPTY_BODY = YES;
				CLANG_WARN_ENUM_CONVERSION = YES;
				CLANG_WARN_INFINITE_RECURSION = YES;
				CLANG_WARN_INT_CONVERSION = YES;
				CLANG_WARN_NON_LITERAL_NULL_CONVERSION = YES;
				CLANG_WARN_OBJC_IMPLICIT_RETAIN_SELF = YES;
				CLANG_WARN_OBJC_LITERAL_CONVERSION = YES;
				CLANG_WARN_OBJC_ROOT_CLASS = YES_ERROR;
				CLANG_WARN_QUOTED_INCLUDE_IN_FRAMEWORK_HEADER = YES;
				CLANG_WARN_RANGE_LOOP_ANALYSIS = YES;
				CLANG_WARN_STRICT_PROTOTYPES = YES;
				CLANG_WARN_SUSPICIOUS_MOVE = YES;
				CLANG_WARN_UNGUARDED_AVAILABILITY = YES_AGGRESSIVE;
				CLANG_WARN_UNREACHABLE_CODE = YES;
				CLANG_WARN__DUPLICATE_METHOD_MATCH = YES;
				COPY_PHASE_STRIP = NO;
				DEBUG_INFORMATION_FORMAT = dwarf;
				ENABLE_STRICT_OBJC_MSGSEND = YES;
				ENABLE_TESTABILITY = YES;
				GCC_C_LANGUAGE_STANDARD = gnu11;
				GCC_DYNAMIC_NO_PIC = NO;
				GCC_NO_COMMON_BLOCKS = YES;
				GCC_OPTIMIZATION_LEVEL = 0;
				GCC_PREPROCESSOR_DEFINITIONS = (
					"DEBUG=1",
					"$(inherited)",
				);
				GCC_WARN_64_TO_32_BIT_CONVERSION = YES;
				GCC_WARN_ABOUT_RETURN_TYPE = YES_ERROR;
				GCC_WARN_UNDECLARED_SELECTOR = YES;
				GCC_WARN_UNINITIALIZED_AUTOS = YES_AGGRESSIVE;
				GCC_WARN_UNUSED_FUNCTION = YES;
				GCC_WARN_UNUSED_VARIABLE = YES;
				IPHONEOS_DEPLOYMENT_TARGET = 13.0;
				MTL_ENABLE_DEBUG_INFO = INCLUDE_SOURCE;
				MTL_FAST_MATH = YES;
				ONLY_ACTIVE_ARCH = YES;
				SDKROOT = iphoneos;
				SWIFT_ACTIVE_COMPILATION_CONDITIONS = DEBUG;
				SWIFT_OPTIMIZATION_LEVEL = "-Onone";
			};
			name = Debug;
		};
		1DB2185628E65868009BF6ED /* Release */ = {
			isa = XCBuildConfiguration;
			buildSettings = {
				ALWAYS_SEARCH_USER_PATHS = NO;
				CLANG_ANALYZER_LOCALIZABILITY_NONLOCALIZED = YES;
				CLANG_ANALYZER_NONNULL = YES;
				CLANG_ANALYZER_NUMBER_OBJECT_CONVERSION = YES_AGGRESSIVE;
				CLANG_CXX_LANGUAGE_STANDARD = "gnu++17";
				CLANG_ENABLE_MODULES = YES;
				CLANG_ENABLE_OBJC_ARC = YES;
				CLANG_ENABLE_OBJC_WEAK = YES;
				CLANG_WARN_BLOCK_CAPTURE_AUTORELEASING = YES;
				CLANG_WARN_BOOL_CONVERSION = YES;
				CLANG_WARN_COMMA = YES;
				CLANG_WARN_CONSTANT_CONVERSION = YES;
				CLANG_WARN_DEPRECATED_OBJC_IMPLEMENTATIONS = YES;
				CLANG_WARN_DIRECT_OBJC_ISA_USAGE = YES_ERROR;
				CLANG_WARN_DOCUMENTATION_COMMENTS = YES;
				CLANG_WARN_EMPTY_BODY = YES;
				CLANG_WARN_ENUM_CONVERSION = YES;
				CLANG_WARN_INFINITE_RECURSION = YES;
				CLANG_WARN_INT_CONVERSION = YES;
				CLANG_WARN_NON_LITERAL_NULL_CONVERSION = YES;
				CLANG_WARN_OBJC_IMPLICIT_RETAIN_SELF = YES;
				CLANG_WARN_OBJC_LITERAL_CONVERSION = YES;
				CLANG_WARN_OBJC_ROOT_CLASS = YES_ERROR;
				CLANG_WARN_QUOTED_INCLUDE_IN_FRAMEWORK_HEADER = YES;
				CLANG_WARN_RANGE_LOOP_ANALYSIS = YES;
				CLANG_WARN_STRICT_PROTOTYPES = YES;
				CLANG_WARN_SUSPICIOUS_MOVE = YES;
				CLANG_WARN_UNGUARDED_AVAILABILITY = YES_AGGRESSIVE;
				CLANG_WARN_UNREACHABLE_CODE = YES;
				CLANG_WARN__DUPLICATE_METHOD_MATCH = YES;
				COPY_PHASE_STRIP = NO;
				DEBUG_INFORMATION_FORMAT = "dwarf-with-dsym";
				ENABLE_NS_ASSERTIONS = NO;
				ENABLE_STRICT_OBJC_MSGSEND = YES;
				GCC_C_LANGUAGE_STANDARD = gnu11;
				GCC_NO_COMMON_BLOCKS = YES;
				GCC_WARN_64_TO_32_BIT_CONVERSION = YES;
				GCC_WARN_ABOUT_RETURN_TYPE = YES_ERROR;
				GCC_WARN_UNDECLARED_SELECTOR = YES;
				GCC_WARN_UNINITIALIZED_AUTOS = YES_AGGRESSIVE;
				GCC_WARN_UNUSED_FUNCTION = YES;
				GCC_WARN_UNUSED_VARIABLE = YES;
				IPHONEOS_DEPLOYMENT_TARGET = 13.0;
				MTL_ENABLE_DEBUG_INFO = NO;
				MTL_FAST_MATH = YES;
				SDKROOT = iphoneos;
				SWIFT_COMPILATION_MODE = wholemodule;
				SWIFT_OPTIMIZATION_LEVEL = "-O";
				VALIDATE_PRODUCT = YES;
			};
			name = Release;
		};
		1DB2185828E65868009BF6ED /* Debug */ = {
			isa = XCBuildConfiguration;
			baseConfigurationReference = 27D6528E96EC22642CE5350B /* Pods-Demo-AKLM.debug.xcconfig */;
			buildSettings = {
				ASSETCATALOG_COMPILER_APPICON_NAME = AppIcon;
				ASSETCATALOG_COMPILER_GLOBAL_ACCENT_COLOR_NAME = AccentColor;
				CODE_SIGN_STYLE = Automatic;
				CURRENT_PROJECT_VERSION = 1;
				DEVELOPMENT_TEAM = S84559HK9V;
				GENERATE_INFOPLIST_FILE = YES;
				INFOPLIST_FILE = "Demo-AKLM/SupportFiles/Info.plist";
				INFOPLIST_KEY_UIApplicationSupportsIndirectInputEvents = YES;
				INFOPLIST_KEY_UILaunchStoryboardName = LaunchScreen;
				INFOPLIST_KEY_UIMainStoryboardFile = Main;
				INFOPLIST_KEY_UISupportedInterfaceOrientations_iPad = "UIInterfaceOrientationPortrait UIInterfaceOrientationPortraitUpsideDown UIInterfaceOrientationLandscapeLeft UIInterfaceOrientationLandscapeRight";
				INFOPLIST_KEY_UISupportedInterfaceOrientations_iPhone = "UIInterfaceOrientationPortrait UIInterfaceOrientationLandscapeLeft UIInterfaceOrientationLandscapeRight";
				IPHONEOS_DEPLOYMENT_TARGET = 13.0;
				LD_RUNPATH_SEARCH_PATHS = (
					"$(inherited)",
					"@executable_path/Frameworks",
				);
				MARKETING_VERSION = 1.0;
				PRODUCT_BUNDLE_IDENTIFIER = "com.amr.koritem.Demo-AKLM";
				PRODUCT_NAME = "$(TARGET_NAME)";
				SWIFT_EMIT_LOC_STRINGS = YES;
				SWIFT_VERSION = 5.0;
				TARGETED_DEVICE_FAMILY = "1,2";
			};
			name = Debug;
		};
		1DB2185928E65868009BF6ED /* Release */ = {
			isa = XCBuildConfiguration;
			baseConfigurationReference = DE0225B6FCC078870367DCE1 /* Pods-Demo-AKLM.release.xcconfig */;
			buildSettings = {
				ASSETCATALOG_COMPILER_APPICON_NAME = AppIcon;
				ASSETCATALOG_COMPILER_GLOBAL_ACCENT_COLOR_NAME = AccentColor;
				CODE_SIGN_STYLE = Automatic;
				CURRENT_PROJECT_VERSION = 1;
				DEVELOPMENT_TEAM = S84559HK9V;
				GENERATE_INFOPLIST_FILE = YES;
				INFOPLIST_FILE = "Demo-AKLM/SupportFiles/Info.plist";
				INFOPLIST_KEY_UIApplicationSupportsIndirectInputEvents = YES;
				INFOPLIST_KEY_UILaunchStoryboardName = LaunchScreen;
				INFOPLIST_KEY_UIMainStoryboardFile = Main;
				INFOPLIST_KEY_UISupportedInterfaceOrientations_iPad = "UIInterfaceOrientationPortrait UIInterfaceOrientationPortraitUpsideDown UIInterfaceOrientationLandscapeLeft UIInterfaceOrientationLandscapeRight";
				INFOPLIST_KEY_UISupportedInterfaceOrientations_iPhone = "UIInterfaceOrientationPortrait UIInterfaceOrientationLandscapeLeft UIInterfaceOrientationLandscapeRight";
				IPHONEOS_DEPLOYMENT_TARGET = 13.0;
				LD_RUNPATH_SEARCH_PATHS = (
					"$(inherited)",
					"@executable_path/Frameworks",
				);
				MARKETING_VERSION = 1.0;
				PRODUCT_BUNDLE_IDENTIFIER = "com.amr.koritem.Demo-AKLM";
				PRODUCT_NAME = "$(TARGET_NAME)";
				SWIFT_EMIT_LOC_STRINGS = YES;
				SWIFT_VERSION = 5.0;
				TARGETED_DEVICE_FAMILY = "1,2";
			};
			name = Release;
		};
		1DB2185B28E65868009BF6ED /* Debug */ = {
			isa = XCBuildConfiguration;
			baseConfigurationReference = 652CBD82CD431E57B3396AB0 /* Pods-Demo-AKLMTests.debug.xcconfig */;
			buildSettings = {
				ALWAYS_EMBED_SWIFT_STANDARD_LIBRARIES = YES;
				BUNDLE_LOADER = "$(TEST_HOST)";
				CODE_SIGN_STYLE = Automatic;
				CURRENT_PROJECT_VERSION = 1;
				DEVELOPMENT_TEAM = S84559HK9V;
				GENERATE_INFOPLIST_FILE = YES;
				IPHONEOS_DEPLOYMENT_TARGET = 15.5;
				MARKETING_VERSION = 1.0;
				PRODUCT_BUNDLE_IDENTIFIER = "com.amr.koritem.Demo-AKLMTests";
				PRODUCT_NAME = "$(TARGET_NAME)";
				SWIFT_EMIT_LOC_STRINGS = NO;
				SWIFT_VERSION = 5.0;
				TARGETED_DEVICE_FAMILY = "1,2";
				TEST_HOST = "$(BUILT_PRODUCTS_DIR)/Demo-AKLM.app/Demo-AKLM";
			};
			name = Debug;
		};
		1DB2185C28E65868009BF6ED /* Release */ = {
			isa = XCBuildConfiguration;
			baseConfigurationReference = 2BDD52C52592A7CAC73DA01A /* Pods-Demo-AKLMTests.release.xcconfig */;
			buildSettings = {
				ALWAYS_EMBED_SWIFT_STANDARD_LIBRARIES = YES;
				BUNDLE_LOADER = "$(TEST_HOST)";
				CODE_SIGN_STYLE = Automatic;
				CURRENT_PROJECT_VERSION = 1;
				DEVELOPMENT_TEAM = S84559HK9V;
				GENERATE_INFOPLIST_FILE = YES;
				IPHONEOS_DEPLOYMENT_TARGET = 15.5;
				MARKETING_VERSION = 1.0;
				PRODUCT_BUNDLE_IDENTIFIER = "com.amr.koritem.Demo-AKLMTests";
				PRODUCT_NAME = "$(TARGET_NAME)";
				SWIFT_EMIT_LOC_STRINGS = NO;
				SWIFT_VERSION = 5.0;
				TARGETED_DEVICE_FAMILY = "1,2";
				TEST_HOST = "$(BUILT_PRODUCTS_DIR)/Demo-AKLM.app/Demo-AKLM";
			};
			name = Release;
		};
		1DB2185E28E65868009BF6ED /* Debug */ = {
			isa = XCBuildConfiguration;
			baseConfigurationReference = E70811C96F81E15A05D29E91 /* Pods-Demo-AKLM-Demo-AKLMUITests.debug.xcconfig */;
			buildSettings = {
				ALWAYS_EMBED_SWIFT_STANDARD_LIBRARIES = YES;
				CODE_SIGN_STYLE = Automatic;
				CURRENT_PROJECT_VERSION = 1;
				DEVELOPMENT_TEAM = S84559HK9V;
				GENERATE_INFOPLIST_FILE = YES;
				MARKETING_VERSION = 1.0;
				PRODUCT_BUNDLE_IDENTIFIER = "com.amr.koritem.Demo-AKLMUITests";
				PRODUCT_NAME = "$(TARGET_NAME)";
				SWIFT_EMIT_LOC_STRINGS = NO;
				SWIFT_VERSION = 5.0;
				TARGETED_DEVICE_FAMILY = "1,2";
				TEST_TARGET_NAME = "Demo-AKLM";
			};
			name = Debug;
		};
		1DB2185F28E65868009BF6ED /* Release */ = {
			isa = XCBuildConfiguration;
			baseConfigurationReference = 38CADCFE8A6FF4E1F55D5FC4 /* Pods-Demo-AKLM-Demo-AKLMUITests.release.xcconfig */;
			buildSettings = {
				ALWAYS_EMBED_SWIFT_STANDARD_LIBRARIES = YES;
				CODE_SIGN_STYLE = Automatic;
				CURRENT_PROJECT_VERSION = 1;
				DEVELOPMENT_TEAM = S84559HK9V;
				GENERATE_INFOPLIST_FILE = YES;
				MARKETING_VERSION = 1.0;
				PRODUCT_BUNDLE_IDENTIFIER = "com.amr.koritem.Demo-AKLMUITests";
				PRODUCT_NAME = "$(TARGET_NAME)";
				SWIFT_EMIT_LOC_STRINGS = NO;
				SWIFT_VERSION = 5.0;
				TARGETED_DEVICE_FAMILY = "1,2";
				TEST_TARGET_NAME = "Demo-AKLM";
			};
			name = Release;
		};
/* End XCBuildConfiguration section */

/* Begin XCConfigurationList section */
		1DB2182828E65864009BF6ED /* Build configuration list for PBXProject "Demo-AKLM" */ = {
			isa = XCConfigurationList;
			buildConfigurations = (
				1DB2185528E65868009BF6ED /* Debug */,
				1DB2185628E65868009BF6ED /* Release */,
			);
			defaultConfigurationIsVisible = 0;
			defaultConfigurationName = Release;
		};
		1DB2185728E65868009BF6ED /* Build configuration list for PBXNativeTarget "Demo-AKLM" */ = {
			isa = XCConfigurationList;
			buildConfigurations = (
				1DB2185828E65868009BF6ED /* Debug */,
				1DB2185928E65868009BF6ED /* Release */,
			);
			defaultConfigurationIsVisible = 0;
			defaultConfigurationName = Release;
		};
		1DB2185A28E65868009BF6ED /* Build configuration list for PBXNativeTarget "Demo-AKLMTests" */ = {
			isa = XCConfigurationList;
			buildConfigurations = (
				1DB2185B28E65868009BF6ED /* Debug */,
				1DB2185C28E65868009BF6ED /* Release */,
			);
			defaultConfigurationIsVisible = 0;
			defaultConfigurationName = Release;
		};
		1DB2185D28E65868009BF6ED /* Build configuration list for PBXNativeTarget "Demo-AKLMUITests" */ = {
			isa = XCConfigurationList;
			buildConfigurations = (
				1DB2185E28E65868009BF6ED /* Debug */,
				1DB2185F28E65868009BF6ED /* Release */,
			);
			defaultConfigurationIsVisible = 0;
			defaultConfigurationName = Release;
		};
/* End XCConfigurationList section */
	};
	rootObject = 1DB2182528E65864009BF6ED /* Project object */;
}
