// !$*UTF8*$!
{
	archiveVersion = 1;
	classes = {
	};
	objectVersion = 55;
	objects = {

/* Begin PBXBuildFile section */
		1DD5808928CB036300DCD270 /* AppDelegate.swift in Sources */ = {isa = PBXBuildFile; fileRef = 1DD5808828CB036300DCD270 /* AppDelegate.swift */; };
		1DD5808B28CB036300DCD270 /* SceneDelegate.swift in Sources */ = {isa = PBXBuildFile; fileRef = 1DD5808A28CB036300DCD270 /* SceneDelegate.swift */; };
		1DD5808D28CB036300DCD270 /* MainViewController.swift in Sources */ = {isa = PBXBuildFile; fileRef = 1DD5808C28CB036300DCD270 /* MainViewController.swift */; };
		1DD5809028CB036300DCD270 /* Main.storyboard in Resources */ = {isa = PBXBuildFile; fileRef = 1DD5808E28CB036300DCD270 /* Main.storyboard */; };
		1DD5809228CB036600DCD270 /* Assets.xcassets in Resources */ = {isa = PBXBuildFile; fileRef = 1DD5809128CB036600DCD270 /* Assets.xcassets */; };
		1DD5809528CB036600DCD270 /* LaunchScreen.storyboard in Resources */ = {isa = PBXBuildFile; fileRef = 1DD5809328CB036600DCD270 /* LaunchScreen.storyboard */; };
		1DD580A028CB036700DCD270 /* Example_Swift_AKLMTests.swift in Sources */ = {isa = PBXBuildFile; fileRef = 1DD5809F28CB036700DCD270 /* Example_Swift_AKLMTests.swift */; };
		1DD580AA28CB036700DCD270 /* Example_Swift_AKLMUITests.swift in Sources */ = {isa = PBXBuildFile; fileRef = 1DD580A928CB036700DCD270 /* Example_Swift_AKLMUITests.swift */; };
		1DD580AC28CB036700DCD270 /* Example_Swift_AKLMUITestsLaunchTests.swift in Sources */ = {isa = PBXBuildFile; fileRef = 1DD580AB28CB036700DCD270 /* Example_Swift_AKLMUITestsLaunchTests.swift */; };
		1DD580BA28CB098400DCD270 /* SettingsViewController.swift in Sources */ = {isa = PBXBuildFile; fileRef = 1DD580B928CB098400DCD270 /* SettingsViewController.swift */; };
		1DD580C328CB128700DCD270 /* Localizable.strings in Resources */ = {isa = PBXBuildFile; fileRef = 1DD580C528CB128700DCD270 /* Localizable.strings */; };
		43B7602EFB0B1714735E3BF7 /* Pods_Example_Swift_AKLMTests.framework in Frameworks */ = {isa = PBXBuildFile; fileRef = 79929644D9E5ABC82187B377 /* Pods_Example_Swift_AKLMTests.framework */; };
		4A9EEC5917831FA4AC005CCA /* Pods_Example_Swift_AKLM_Example_Swift_AKLMUITests.framework in Frameworks */ = {isa = PBXBuildFile; fileRef = 1C3665154B007FBFF77F47A1 /* Pods_Example_Swift_AKLM_Example_Swift_AKLMUITests.framework */; };
		5CAB9475E5F5AB418556D3D5 /* Pods_Example_Swift_AKLM.framework in Frameworks */ = {isa = PBXBuildFile; fileRef = 28DE8E627E38111F2EA14384 /* Pods_Example_Swift_AKLM.framework */; };
/* End PBXBuildFile section */

/* Begin PBXContainerItemProxy section */
		1DD5809C28CB036700DCD270 /* PBXContainerItemProxy */ = {
			isa = PBXContainerItemProxy;
			containerPortal = 1DD5807D28CB036300DCD270 /* Project object */;
			proxyType = 1;
			remoteGlobalIDString = 1DD5808428CB036300DCD270;
			remoteInfo = "Example-Swift-AKLM";
		};
		1DD580A628CB036700DCD270 /* PBXContainerItemProxy */ = {
			isa = PBXContainerItemProxy;
			containerPortal = 1DD5807D28CB036300DCD270 /* Project object */;
			proxyType = 1;
			remoteGlobalIDString = 1DD5808428CB036300DCD270;
			remoteInfo = "Example-Swift-AKLM";
		};
/* End PBXContainerItemProxy section */

/* Begin PBXFileReference section */
		18EFDD45C06837B94400042E /* Pods-Example-Swift-AKLM-Example-Swift-AKLMUITests.release.xcconfig */ = {isa = PBXFileReference; includeInIndex = 1; lastKnownFileType = text.xcconfig; name = "Pods-Example-Swift-AKLM-Example-Swift-AKLMUITests.release.xcconfig"; path = "Target Support Files/Pods-Example-Swift-AKLM-Example-Swift-AKLMUITests/Pods-Example-Swift-AKLM-Example-Swift-AKLMUITests.release.xcconfig"; sourceTree = "<group>"; };
		1C3665154B007FBFF77F47A1 /* Pods_Example_Swift_AKLM_Example_Swift_AKLMUITests.framework */ = {isa = PBXFileReference; explicitFileType = wrapper.framework; includeInIndex = 0; path = Pods_Example_Swift_AKLM_Example_Swift_AKLMUITests.framework; sourceTree = BUILT_PRODUCTS_DIR; };
		1DD5808528CB036300DCD270 /* Example-Swift-AKLM.app */ = {isa = PBXFileReference; explicitFileType = wrapper.application; includeInIndex = 0; path = "Example-Swift-AKLM.app"; sourceTree = BUILT_PRODUCTS_DIR; };
		1DD5808828CB036300DCD270 /* AppDelegate.swift */ = {isa = PBXFileReference; lastKnownFileType = sourcecode.swift; path = AppDelegate.swift; sourceTree = "<group>"; };
		1DD5808A28CB036300DCD270 /* SceneDelegate.swift */ = {isa = PBXFileReference; lastKnownFileType = sourcecode.swift; path = SceneDelegate.swift; sourceTree = "<group>"; };
		1DD5808C28CB036300DCD270 /* MainViewController.swift */ = {isa = PBXFileReference; lastKnownFileType = sourcecode.swift; path = MainViewController.swift; sourceTree = "<group>"; };
		1DD5808F28CB036300DCD270 /* Base */ = {isa = PBXFileReference; lastKnownFileType = file.storyboard; name = Base; path = Base.lproj/Main.storyboard; sourceTree = "<group>"; };
		1DD5809128CB036600DCD270 /* Assets.xcassets */ = {isa = PBXFileReference; lastKnownFileType = folder.assetcatalog; path = Assets.xcassets; sourceTree = "<group>"; };
		1DD5809428CB036600DCD270 /* Base */ = {isa = PBXFileReference; lastKnownFileType = file.storyboard; name = Base; path = Base.lproj/LaunchScreen.storyboard; sourceTree = "<group>"; };
		1DD5809628CB036600DCD270 /* Info.plist */ = {isa = PBXFileReference; lastKnownFileType = text.plist.xml; path = Info.plist; sourceTree = "<group>"; };
		1DD5809B28CB036700DCD270 /* Example-Swift-AKLMTests.xctest */ = {isa = PBXFileReference; explicitFileType = wrapper.cfbundle; includeInIndex = 0; path = "Example-Swift-AKLMTests.xctest"; sourceTree = BUILT_PRODUCTS_DIR; };
		1DD5809F28CB036700DCD270 /* Example_Swift_AKLMTests.swift */ = {isa = PBXFileReference; lastKnownFileType = sourcecode.swift; path = Example_Swift_AKLMTests.swift; sourceTree = "<group>"; };
		1DD580A528CB036700DCD270 /* Example-Swift-AKLMUITests.xctest */ = {isa = PBXFileReference; explicitFileType = wrapper.cfbundle; includeInIndex = 0; path = "Example-Swift-AKLMUITests.xctest"; sourceTree = BUILT_PRODUCTS_DIR; };
		1DD580A928CB036700DCD270 /* Example_Swift_AKLMUITests.swift */ = {isa = PBXFileReference; lastKnownFileType = sourcecode.swift; path = Example_Swift_AKLMUITests.swift; sourceTree = "<group>"; };
		1DD580AB28CB036700DCD270 /* Example_Swift_AKLMUITestsLaunchTests.swift */ = {isa = PBXFileReference; lastKnownFileType = sourcecode.swift; path = Example_Swift_AKLMUITestsLaunchTests.swift; sourceTree = "<group>"; };
		1DD580B928CB098400DCD270 /* SettingsViewController.swift */ = {isa = PBXFileReference; lastKnownFileType = sourcecode.swift; path = SettingsViewController.swift; sourceTree = "<group>"; };
		1DD580BB28CB11CB00DCD270 /* ar */ = {isa = PBXFileReference; lastKnownFileType = text.plist.strings; name = ar; path = ar.lproj/LaunchScreen.strings; sourceTree = "<group>"; };
		1DD580BC28CB11CC00DCD270 /* ar */ = {isa = PBXFileReference; lastKnownFileType = text.plist.strings; name = ar; path = ar.lproj/Main.strings; sourceTree = "<group>"; };
		1DD580BE28CB120900DCD270 /* en */ = {isa = PBXFileReference; lastKnownFileType = text.plist.strings; name = en; path = en.lproj/Main.strings; sourceTree = "<group>"; };
		1DD580C028CB121F00DCD270 /* en */ = {isa = PBXFileReference; lastKnownFileType = text.plist.strings; name = en; path = en.lproj/LaunchScreen.strings; sourceTree = "<group>"; };
		1DD580C428CB128700DCD270 /* en */ = {isa = PBXFileReference; lastKnownFileType = text.plist.strings; name = en; path = en.lproj/Localizable.strings; sourceTree = "<group>"; };
		1DD580C628CB128900DCD270 /* ar */ = {isa = PBXFileReference; lastKnownFileType = text.plist.strings; name = ar; path = ar.lproj/Localizable.strings; sourceTree = "<group>"; };
		28DE8E627E38111F2EA14384 /* Pods_Example_Swift_AKLM.framework */ = {isa = PBXFileReference; explicitFileType = wrapper.framework; includeInIndex = 0; path = Pods_Example_Swift_AKLM.framework; sourceTree = BUILT_PRODUCTS_DIR; };
		3B5F8932432CF197C11E04AA /* Pods-Example-Swift-AKLM-Example-Swift-AKLMUITests.debug.xcconfig */ = {isa = PBXFileReference; includeInIndex = 1; lastKnownFileType = text.xcconfig; name = "Pods-Example-Swift-AKLM-Example-Swift-AKLMUITests.debug.xcconfig"; path = "Target Support Files/Pods-Example-Swift-AKLM-Example-Swift-AKLMUITests/Pods-Example-Swift-AKLM-Example-Swift-AKLMUITests.debug.xcconfig"; sourceTree = "<group>"; };
		4CB2F8462EEA46BE90438E50 /* Pods-Example-Swift-AKLMTests.debug.xcconfig */ = {isa = PBXFileReference; includeInIndex = 1; lastKnownFileType = text.xcconfig; name = "Pods-Example-Swift-AKLMTests.debug.xcconfig"; path = "Target Support Files/Pods-Example-Swift-AKLMTests/Pods-Example-Swift-AKLMTests.debug.xcconfig"; sourceTree = "<group>"; };
		79929644D9E5ABC82187B377 /* Pods_Example_Swift_AKLMTests.framework */ = {isa = PBXFileReference; explicitFileType = wrapper.framework; includeInIndex = 0; path = Pods_Example_Swift_AKLMTests.framework; sourceTree = BUILT_PRODUCTS_DIR; };
		9928250DD4FDBCE589EE9184 /* Pods-Example-Swift-AKLM.debug.xcconfig */ = {isa = PBXFileReference; includeInIndex = 1; lastKnownFileType = text.xcconfig; name = "Pods-Example-Swift-AKLM.debug.xcconfig"; path = "Target Support Files/Pods-Example-Swift-AKLM/Pods-Example-Swift-AKLM.debug.xcconfig"; sourceTree = "<group>"; };
		A8301274E3008B7550BB558C /* Pods-Example-Swift-AKLMTests.release.xcconfig */ = {isa = PBXFileReference; includeInIndex = 1; lastKnownFileType = text.xcconfig; name = "Pods-Example-Swift-AKLMTests.release.xcconfig"; path = "Target Support Files/Pods-Example-Swift-AKLMTests/Pods-Example-Swift-AKLMTests.release.xcconfig"; sourceTree = "<group>"; };
		FE0A67EC1E9B37B41F89578D /* Pods-Example-Swift-AKLM.release.xcconfig */ = {isa = PBXFileReference; includeInIndex = 1; lastKnownFileType = text.xcconfig; name = "Pods-Example-Swift-AKLM.release.xcconfig"; path = "Target Support Files/Pods-Example-Swift-AKLM/Pods-Example-Swift-AKLM.release.xcconfig"; sourceTree = "<group>"; };
/* End PBXFileReference section */

/* Begin PBXFrameworksBuildPhase section */
		1DD5808228CB036300DCD270 /* Frameworks */ = {
			isa = PBXFrameworksBuildPhase;
			buildActionMask = 2147483647;
			files = (
				5CAB9475E5F5AB418556D3D5 /* Pods_Example_Swift_AKLM.framework in Frameworks */,
			);
			runOnlyForDeploymentPostprocessing = 0;
		};
		1DD5809828CB036700DCD270 /* Frameworks */ = {
			isa = PBXFrameworksBuildPhase;
			buildActionMask = 2147483647;
			files = (
				43B7602EFB0B1714735E3BF7 /* Pods_Example_Swift_AKLMTests.framework in Frameworks */,
			);
			runOnlyForDeploymentPostprocessing = 0;
		};
		1DD580A228CB036700DCD270 /* Frameworks */ = {
			isa = PBXFrameworksBuildPhase;
			buildActionMask = 2147483647;
			files = (
				4A9EEC5917831FA4AC005CCA /* Pods_Example_Swift_AKLM_Example_Swift_AKLMUITests.framework in Frameworks */,
			);
			runOnlyForDeploymentPostprocessing = 0;
		};
/* End PBXFrameworksBuildPhase section */

/* Begin PBXGroup section */
		0634F01CCA43779636EF22F9 /* Pods */ = {
			isa = PBXGroup;
			children = (
				9928250DD4FDBCE589EE9184 /* Pods-Example-Swift-AKLM.debug.xcconfig */,
				FE0A67EC1E9B37B41F89578D /* Pods-Example-Swift-AKLM.release.xcconfig */,
				3B5F8932432CF197C11E04AA /* Pods-Example-Swift-AKLM-Example-Swift-AKLMUITests.debug.xcconfig */,
				18EFDD45C06837B94400042E /* Pods-Example-Swift-AKLM-Example-Swift-AKLMUITests.release.xcconfig */,
				4CB2F8462EEA46BE90438E50 /* Pods-Example-Swift-AKLMTests.debug.xcconfig */,
				A8301274E3008B7550BB558C /* Pods-Example-Swift-AKLMTests.release.xcconfig */,
			);
			path = Pods;
			sourceTree = "<group>";
		};
		115A950199EE6DFDA43474E3 /* Frameworks */ = {
			isa = PBXGroup;
			children = (
				28DE8E627E38111F2EA14384 /* Pods_Example_Swift_AKLM.framework */,
				1C3665154B007FBFF77F47A1 /* Pods_Example_Swift_AKLM_Example_Swift_AKLMUITests.framework */,
				79929644D9E5ABC82187B377 /* Pods_Example_Swift_AKLMTests.framework */,
			);
			name = Frameworks;
			sourceTree = "<group>";
		};
		1DD5807C28CB036300DCD270 = {
			isa = PBXGroup;
			children = (
				1DD5808728CB036300DCD270 /* Example-Swift-AKLM */,
				1DD5809E28CB036700DCD270 /* Example-Swift-AKLMTests */,
				1DD580A828CB036700DCD270 /* Example-Swift-AKLMUITests */,
				1DD5808628CB036300DCD270 /* Products */,
				0634F01CCA43779636EF22F9 /* Pods */,
				115A950199EE6DFDA43474E3 /* Frameworks */,
			);
			sourceTree = "<group>";
		};
		1DD5808628CB036300DCD270 /* Products */ = {
			isa = PBXGroup;
			children = (
				1DD5808528CB036300DCD270 /* Example-Swift-AKLM.app */,
				1DD5809B28CB036700DCD270 /* Example-Swift-AKLMTests.xctest */,
				1DD580A528CB036700DCD270 /* Example-Swift-AKLMUITests.xctest */,
			);
			name = Products;
			sourceTree = "<group>";
		};
		1DD5808728CB036300DCD270 /* Example-Swift-AKLM */ = {
			isa = PBXGroup;
			children = (
				1DD580B828CB064400DCD270 /* SupportFiles */,
				1DD5808C28CB036300DCD270 /* MainViewController.swift */,
				1DD580B928CB098400DCD270 /* SettingsViewController.swift */,
				1DD5808E28CB036300DCD270 /* Main.storyboard */,
				1DD5809128CB036600DCD270 /* Assets.xcassets */,
				1DD580C528CB128700DCD270 /* Localizable.strings */,
			);
			path = "Example-Swift-AKLM";
			sourceTree = "<group>";
		};
		1DD5809E28CB036700DCD270 /* Example-Swift-AKLMTests */ = {
			isa = PBXGroup;
			children = (
				1DD5809F28CB036700DCD270 /* Example_Swift_AKLMTests.swift */,
			);
			path = "Example-Swift-AKLMTests";
			sourceTree = "<group>";
		};
		1DD580A828CB036700DCD270 /* Example-Swift-AKLMUITests */ = {
			isa = PBXGroup;
			children = (
				1DD580A928CB036700DCD270 /* Example_Swift_AKLMUITests.swift */,
				1DD580AB28CB036700DCD270 /* Example_Swift_AKLMUITestsLaunchTests.swift */,
			);
			path = "Example-Swift-AKLMUITests";
			sourceTree = "<group>";
		};
		1DD580B828CB064400DCD270 /* SupportFiles */ = {
			isa = PBXGroup;
			children = (
				1DD5808828CB036300DCD270 /* AppDelegate.swift */,
				1DD5808A28CB036300DCD270 /* SceneDelegate.swift */,
				1DD5809328CB036600DCD270 /* LaunchScreen.storyboard */,
				1DD5809628CB036600DCD270 /* Info.plist */,
			);
			path = SupportFiles;
			sourceTree = "<group>";
		};
/* End PBXGroup section */

/* Begin PBXNativeTarget section */
		1DD5808428CB036300DCD270 /* Example-Swift-AKLM */ = {
			isa = PBXNativeTarget;
			buildConfigurationList = 1DD580AF28CB036700DCD270 /* Build configuration list for PBXNativeTarget "Example-Swift-AKLM" */;
			buildPhases = (
				85AF32E006CAC0E1BA2AA178 /* [CP] Check Pods Manifest.lock */,
				1DD5808128CB036300DCD270 /* Sources */,
				1DD5808228CB036300DCD270 /* Frameworks */,
				1DD5808328CB036300DCD270 /* Resources */,
				0F2963F2EB9615C3944440FD /* [CP] Embed Pods Frameworks */,
			);
			buildRules = (
			);
			dependencies = (
			);
			name = "Example-Swift-AKLM";
			productName = "Example-Swift-AKLM";
			productReference = 1DD5808528CB036300DCD270 /* Example-Swift-AKLM.app */;
			productType = "com.apple.product-type.application";
		};
		1DD5809A28CB036700DCD270 /* Example-Swift-AKLMTests */ = {
			isa = PBXNativeTarget;
			buildConfigurationList = 1DD580B228CB036700DCD270 /* Build configuration list for PBXNativeTarget "Example-Swift-AKLMTests" */;
			buildPhases = (
				EE4950D38E6AE742697EC20F /* [CP] Check Pods Manifest.lock */,
				1DD5809728CB036700DCD270 /* Sources */,
				1DD5809828CB036700DCD270 /* Frameworks */,
				1DD5809928CB036700DCD270 /* Resources */,
			);
			buildRules = (
			);
			dependencies = (
				1DD5809D28CB036700DCD270 /* PBXTargetDependency */,
			);
			name = "Example-Swift-AKLMTests";
			productName = "Example-Swift-AKLMTests";
			productReference = 1DD5809B28CB036700DCD270 /* Example-Swift-AKLMTests.xctest */;
			productType = "com.apple.product-type.bundle.unit-test";
		};
		1DD580A428CB036700DCD270 /* Example-Swift-AKLMUITests */ = {
			isa = PBXNativeTarget;
			buildConfigurationList = 1DD580B528CB036700DCD270 /* Build configuration list for PBXNativeTarget "Example-Swift-AKLMUITests" */;
			buildPhases = (
				A3F6FED9930190C67DD46FEC /* [CP] Check Pods Manifest.lock */,
				1DD580A128CB036700DCD270 /* Sources */,
				1DD580A228CB036700DCD270 /* Frameworks */,
				1DD580A328CB036700DCD270 /* Resources */,
				0CD8DF37EA1F7AA67E04F5F6 /* [CP] Embed Pods Frameworks */,
			);
			buildRules = (
			);
			dependencies = (
				1DD580A728CB036700DCD270 /* PBXTargetDependency */,
			);
			name = "Example-Swift-AKLMUITests";
			productName = "Example-Swift-AKLMUITests";
			productReference = 1DD580A528CB036700DCD270 /* Example-Swift-AKLMUITests.xctest */;
			productType = "com.apple.product-type.bundle.ui-testing";
		};
/* End PBXNativeTarget section */

/* Begin PBXProject section */
		1DD5807D28CB036300DCD270 /* Project object */ = {
			isa = PBXProject;
			attributes = {
				BuildIndependentTargetsInParallel = 1;
				LastSwiftUpdateCheck = 1340;
				LastUpgradeCheck = 1340;
				TargetAttributes = {
					1DD5808428CB036300DCD270 = {
						CreatedOnToolsVersion = 13.4.1;
					};
					1DD5809A28CB036700DCD270 = {
						CreatedOnToolsVersion = 13.4.1;
						TestTargetID = 1DD5808428CB036300DCD270;
					};
					1DD580A428CB036700DCD270 = {
						CreatedOnToolsVersion = 13.4.1;
						TestTargetID = 1DD5808428CB036300DCD270;
					};
				};
			};
			buildConfigurationList = 1DD5808028CB036300DCD270 /* Build configuration list for PBXProject "Example-Swift-AKLM" */;
			compatibilityVersion = "Xcode 13.0";
			developmentRegion = en;
			hasScannedForEncodings = 0;
			knownRegions = (
				en,
				Base,
				ar,
			);
			mainGroup = 1DD5807C28CB036300DCD270;
			productRefGroup = 1DD5808628CB036300DCD270 /* Products */;
			projectDirPath = "";
			projectRoot = "";
			targets = (
				1DD5808428CB036300DCD270 /* Example-Swift-AKLM */,
				1DD5809A28CB036700DCD270 /* Example-Swift-AKLMTests */,
				1DD580A428CB036700DCD270 /* Example-Swift-AKLMUITests */,
			);
		};
/* End PBXProject section */

/* Begin PBXResourcesBuildPhase section */
		1DD5808328CB036300DCD270 /* Resources */ = {
			isa = PBXResourcesBuildPhase;
			buildActionMask = 2147483647;
			files = (
				1DD5809528CB036600DCD270 /* LaunchScreen.storyboard in Resources */,
				1DD580C328CB128700DCD270 /* Localizable.strings in Resources */,
				1DD5809228CB036600DCD270 /* Assets.xcassets in Resources */,
				1DD5809028CB036300DCD270 /* Main.storyboard in Resources */,
			);
			runOnlyForDeploymentPostprocessing = 0;
		};
		1DD5809928CB036700DCD270 /* Resources */ = {
			isa = PBXResourcesBuildPhase;
			buildActionMask = 2147483647;
			files = (
			);
			runOnlyForDeploymentPostprocessing = 0;
		};
		1DD580A328CB036700DCD270 /* Resources */ = {
			isa = PBXResourcesBuildPhase;
			buildActionMask = 2147483647;
			files = (
			);
			runOnlyForDeploymentPostprocessing = 0;
		};
/* End PBXResourcesBuildPhase section */

/* Begin PBXShellScriptBuildPhase section */
		0CD8DF37EA1F7AA67E04F5F6 /* [CP] Embed Pods Frameworks */ = {
			isa = PBXShellScriptBuildPhase;
			buildActionMask = 2147483647;
			files = (
			);
			inputFileListPaths = (
				"${PODS_ROOT}/Target Support Files/Pods-Example-Swift-AKLM-Example-Swift-AKLMUITests/Pods-Example-Swift-AKLM-Example-Swift-AKLMUITests-frameworks-${CONFIGURATION}-input-files.xcfilelist",
			);
			name = "[CP] Embed Pods Frameworks";
			outputFileListPaths = (
				"${PODS_ROOT}/Target Support Files/Pods-Example-Swift-AKLM-Example-Swift-AKLMUITests/Pods-Example-Swift-AKLM-Example-Swift-AKLMUITests-frameworks-${CONFIGURATION}-output-files.xcfilelist",
			);
			runOnlyForDeploymentPostprocessing = 0;
			shellPath = /bin/sh;
			shellScript = "\"${PODS_ROOT}/Target Support Files/Pods-Example-Swift-AKLM-Example-Swift-AKLMUITests/Pods-Example-Swift-AKLM-Example-Swift-AKLMUITests-frameworks.sh\"\n";
			showEnvVarsInLog = 0;
		};
		0F2963F2EB9615C3944440FD /* [CP] Embed Pods Frameworks */ = {
			isa = PBXShellScriptBuildPhase;
			buildActionMask = 2147483647;
			files = (
			);
			inputFileListPaths = (
				"${PODS_ROOT}/Target Support Files/Pods-Example-Swift-AKLM/Pods-Example-Swift-AKLM-frameworks-${CONFIGURATION}-input-files.xcfilelist",
			);
			name = "[CP] Embed Pods Frameworks";
			outputFileListPaths = (
				"${PODS_ROOT}/Target Support Files/Pods-Example-Swift-AKLM/Pods-Example-Swift-AKLM-frameworks-${CONFIGURATION}-output-files.xcfilelist",
			);
			runOnlyForDeploymentPostprocessing = 0;
			shellPath = /bin/sh;
			shellScript = "\"${PODS_ROOT}/Target Support Files/Pods-Example-Swift-AKLM/Pods-Example-Swift-AKLM-frameworks.sh\"\n";
			showEnvVarsInLog = 0;
		};
		85AF32E006CAC0E1BA2AA178 /* [CP] Check Pods Manifest.lock */ = {
			isa = PBXShellScriptBuildPhase;
			buildActionMask = 2147483647;
			files = (
			);
			inputFileListPaths = (
			);
			inputPaths = (
				"${PODS_PODFILE_DIR_PATH}/Podfile.lock",
				"${PODS_ROOT}/Manifest.lock",
			);
			name = "[CP] Check Pods Manifest.lock";
			outputFileListPaths = (
			);
			outputPaths = (
				"$(DERIVED_FILE_DIR)/Pods-Example-Swift-AKLM-checkManifestLockResult.txt",
			);
			runOnlyForDeploymentPostprocessing = 0;
			shellPath = /bin/sh;
			shellScript = "diff \"${PODS_PODFILE_DIR_PATH}/Podfile.lock\" \"${PODS_ROOT}/Manifest.lock\" > /dev/null\nif [ $? != 0 ] ; then\n    # print error to STDERR\n    echo \"error: The sandbox is not in sync with the Podfile.lock. Run 'pod install' or update your CocoaPods installation.\" >&2\n    exit 1\nfi\n# This output is used by Xcode 'outputs' to avoid re-running this script phase.\necho \"SUCCESS\" > \"${SCRIPT_OUTPUT_FILE_0}\"\n";
			showEnvVarsInLog = 0;
		};
		A3F6FED9930190C67DD46FEC /* [CP] Check Pods Manifest.lock */ = {
			isa = PBXShellScriptBuildPhase;
			buildActionMask = 2147483647;
			files = (
			);
			inputFileListPaths = (
			);
			inputPaths = (
				"${PODS_PODFILE_DIR_PATH}/Podfile.lock",
				"${PODS_ROOT}/Manifest.lock",
			);
			name = "[CP] Check Pods Manifest.lock";
			outputFileListPaths = (
			);
			outputPaths = (
				"$(DERIVED_FILE_DIR)/Pods-Example-Swift-AKLM-Example-Swift-AKLMUITests-checkManifestLockResult.txt",
			);
			runOnlyForDeploymentPostprocessing = 0;
			shellPath = /bin/sh;
			shellScript = "diff \"${PODS_PODFILE_DIR_PATH}/Podfile.lock\" \"${PODS_ROOT}/Manifest.lock\" > /dev/null\nif [ $? != 0 ] ; then\n    # print error to STDERR\n    echo \"error: The sandbox is not in sync with the Podfile.lock. Run 'pod install' or update your CocoaPods installation.\" >&2\n    exit 1\nfi\n# This output is used by Xcode 'outputs' to avoid re-running this script phase.\necho \"SUCCESS\" > \"${SCRIPT_OUTPUT_FILE_0}\"\n";
			showEnvVarsInLog = 0;
		};
		EE4950D38E6AE742697EC20F /* [CP] Check Pods Manifest.lock */ = {
			isa = PBXShellScriptBuildPhase;
			buildActionMask = 2147483647;
			files = (
			);
			inputFileListPaths = (
			);
			inputPaths = (
				"${PODS_PODFILE_DIR_PATH}/Podfile.lock",
				"${PODS_ROOT}/Manifest.lock",
			);
			name = "[CP] Check Pods Manifest.lock";
			outputFileListPaths = (
			);
			outputPaths = (
				"$(DERIVED_FILE_DIR)/Pods-Example-Swift-AKLMTests-checkManifestLockResult.txt",
			);
			runOnlyForDeploymentPostprocessing = 0;
			shellPath = /bin/sh;
			shellScript = "diff \"${PODS_PODFILE_DIR_PATH}/Podfile.lock\" \"${PODS_ROOT}/Manifest.lock\" > /dev/null\nif [ $? != 0 ] ; then\n    # print error to STDERR\n    echo \"error: The sandbox is not in sync with the Podfile.lock. Run 'pod install' or update your CocoaPods installation.\" >&2\n    exit 1\nfi\n# This output is used by Xcode 'outputs' to avoid re-running this script phase.\necho \"SUCCESS\" > \"${SCRIPT_OUTPUT_FILE_0}\"\n";
			showEnvVarsInLog = 0;
		};
/* End PBXShellScriptBuildPhase section */

/* Begin PBXSourcesBuildPhase section */
		1DD5808128CB036300DCD270 /* Sources */ = {
			isa = PBXSourcesBuildPhase;
			buildActionMask = 2147483647;
			files = (
				1DD5808D28CB036300DCD270 /* MainViewController.swift in Sources */,
				1DD5808928CB036300DCD270 /* AppDelegate.swift in Sources */,
				1DD5808B28CB036300DCD270 /* SceneDelegate.swift in Sources */,
				1DD580BA28CB098400DCD270 /* SettingsViewController.swift in Sources */,
			);
			runOnlyForDeploymentPostprocessing = 0;
		};
		1DD5809728CB036700DCD270 /* Sources */ = {
			isa = PBXSourcesBuildPhase;
			buildActionMask = 2147483647;
			files = (
				1DD580A028CB036700DCD270 /* Example_Swift_AKLMTests.swift in Sources */,
			);
			runOnlyForDeploymentPostprocessing = 0;
		};
		1DD580A128CB036700DCD270 /* Sources */ = {
			isa = PBXSourcesBuildPhase;
			buildActionMask = 2147483647;
			files = (
				1DD580AC28CB036700DCD270 /* Example_Swift_AKLMUITestsLaunchTests.swift in Sources */,
				1DD580AA28CB036700DCD270 /* Example_Swift_AKLMUITests.swift in Sources */,
			);
			runOnlyForDeploymentPostprocessing = 0;
		};
/* End PBXSourcesBuildPhase section */

/* Begin PBXTargetDependency section */
		1DD5809D28CB036700DCD270 /* PBXTargetDependency */ = {
			isa = PBXTargetDependency;
			target = 1DD5808428CB036300DCD270 /* Example-Swift-AKLM */;
			targetProxy = 1DD5809C28CB036700DCD270 /* PBXContainerItemProxy */;
		};
		1DD580A728CB036700DCD270 /* PBXTargetDependency */ = {
			isa = PBXTargetDependency;
			target = 1DD5808428CB036300DCD270 /* Example-Swift-AKLM */;
			targetProxy = 1DD580A628CB036700DCD270 /* PBXContainerItemProxy */;
		};
/* End PBXTargetDependency section */

/* Begin PBXVariantGroup section */
		1DD5808E28CB036300DCD270 /* Main.storyboard */ = {
			isa = PBXVariantGroup;
			children = (
				1DD5808F28CB036300DCD270 /* Base */,
				1DD580BC28CB11CC00DCD270 /* ar */,
				1DD580BE28CB120900DCD270 /* en */,
			);
			name = Main.storyboard;
			sourceTree = "<group>";
		};
		1DD5809328CB036600DCD270 /* LaunchScreen.storyboard */ = {
			isa = PBXVariantGroup;
			children = (
				1DD5809428CB036600DCD270 /* Base */,
				1DD580BB28CB11CB00DCD270 /* ar */,
				1DD580C028CB121F00DCD270 /* en */,
			);
			name = LaunchScreen.storyboard;
			sourceTree = "<group>";
		};
		1DD580C528CB128700DCD270 /* Localizable.strings */ = {
			isa = PBXVariantGroup;
			children = (
				1DD580C428CB128700DCD270 /* en */,
				1DD580C628CB128900DCD270 /* ar */,
			);
			name = Localizable.strings;
			sourceTree = "<group>";
		};
/* End PBXVariantGroup section */

/* Begin XCBuildConfiguration section */
		1DD580AD28CB036700DCD270 /* Debug */ = {
			isa = XCBuildConfiguration;
			buildSettings = {
				ALWAYS_SEARCH_USER_PATHS = NO;
				CLANG_ANALYZER_LOCALIZABILITY_NONLOCALIZED = YES;
				CLANG_ANALYZER_NONNULL = YES;
				CLANG_ANALYZER_NUMBER_OBJECT_CONVERSION = YES_AGGRESSIVE;
				CLANG_CXX_LANGUAGE_STANDARD = "gnu++17";
				CLANG_ENABLE_MODULES = YES;
				CLANG_ENABLE_OBJC_ARC = YES;
				CLANG_ENABLE_OBJC_WEAK = YES;
				CLANG_WARN_BLOCK_CAPTURE_AUTORELEASING = YES;
				CLANG_WARN_BOOL_CONVERSION = YES;
				CLANG_WARN_COMMA = YES;
				CLANG_WARN_CONSTANT_CONVERSION = YES;
				CLANG_WARN_DEPRECATED_OBJC_IMPLEMENTATIONS = YES;
				CLANG_WARN_DIRECT_OBJC_ISA_USAGE = YES_ERROR;
				CLANG_WARN_DOCUMENTATION_COMMENTS = YES;
				CLANG_WARN_EMPTY_BODY = YES;
				CLANG_WARN_ENUM_CONVERSION = YES;
				CLANG_WARN_INFINITE_RECURSION = YES;
				CLANG_WARN_INT_CONVERSION = YES;
				CLANG_WARN_NON_LITERAL_NULL_CONVERSION = YES;
				CLANG_WARN_OBJC_IMPLICIT_RETAIN_SELF = YES;
				CLANG_WARN_OBJC_LITERAL_CONVERSION = YES;
				CLANG_WARN_OBJC_ROOT_CLASS = YES_ERROR;
				CLANG_WARN_QUOTED_INCLUDE_IN_FRAMEWORK_HEADER = YES;
				CLANG_WARN_RANGE_LOOP_ANALYSIS = YES;
				CLANG_WARN_STRICT_PROTOTYPES = YES;
				CLANG_WARN_SUSPICIOUS_MOVE = YES;
				CLANG_WARN_UNGUARDED_AVAILABILITY = YES_AGGRESSIVE;
				CLANG_WARN_UNREACHABLE_CODE = YES;
				CLANG_WARN__DUPLICATE_METHOD_MATCH = YES;
				COPY_PHASE_STRIP = NO;
				DEBUG_INFORMATION_FORMAT = dwarf;
				ENABLE_STRICT_OBJC_MSGSEND = YES;
				ENABLE_TESTABILITY = YES;
				GCC_C_LANGUAGE_STANDARD = gnu11;
				GCC_DYNAMIC_NO_PIC = NO;
				GCC_NO_COMMON_BLOCKS = YES;
				GCC_OPTIMIZATION_LEVEL = 0;
				GCC_PREPROCESSOR_DEFINITIONS = (
					"DEBUG=1",
					"$(inherited)",
				);
				GCC_WARN_64_TO_32_BIT_CONVERSION = YES;
				GCC_WARN_ABOUT_RETURN_TYPE = YES_ERROR;
				GCC_WARN_UNDECLARED_SELECTOR = YES;
				GCC_WARN_UNINITIALIZED_AUTOS = YES_AGGRESSIVE;
				GCC_WARN_UNUSED_FUNCTION = YES;
				GCC_WARN_UNUSED_VARIABLE = YES;
				IPHONEOS_DEPLOYMENT_TARGET = 15.5;
				MTL_ENABLE_DEBUG_INFO = INCLUDE_SOURCE;
				MTL_FAST_MATH = YES;
				ONLY_ACTIVE_ARCH = YES;
				SDKROOT = iphoneos;
				SWIFT_ACTIVE_COMPILATION_CONDITIONS = DEBUG;
				SWIFT_OPTIMIZATION_LEVEL = "-Onone";
			};
			name = Debug;
		};
		1DD580AE28CB036700DCD270 /* Release */ = {
			isa = XCBuildConfiguration;
			buildSettings = {
				ALWAYS_SEARCH_USER_PATHS = NO;
				CLANG_ANALYZER_LOCALIZABILITY_NONLOCALIZED = YES;
				CLANG_ANALYZER_NONNULL = YES;
				CLANG_ANALYZER_NUMBER_OBJECT_CONVERSION = YES_AGGRESSIVE;
				CLANG_CXX_LANGUAGE_STANDARD = "gnu++17";
				CLANG_ENABLE_MODULES = YES;
				CLANG_ENABLE_OBJC_ARC = YES;
				CLANG_ENABLE_OBJC_WEAK = YES;
				CLANG_WARN_BLOCK_CAPTURE_AUTORELEASING = YES;
				CLANG_WARN_BOOL_CONVERSION = YES;
				CLANG_WARN_COMMA = YES;
				CLANG_WARN_CONSTANT_CONVERSION = YES;
				CLANG_WARN_DEPRECATED_OBJC_IMPLEMENTATIONS = YES;
				CLANG_WARN_DIRECT_OBJC_ISA_USAGE = YES_ERROR;
				CLANG_WARN_DOCUMENTATION_COMMENTS = YES;
				CLANG_WARN_EMPTY_BODY = YES;
				CLANG_WARN_ENUM_CONVERSION = YES;
				CLANG_WARN_INFINITE_RECURSION = YES;
				CLANG_WARN_INT_CONVERSION = YES;
				CLANG_WARN_NON_LITERAL_NULL_CONVERSION = YES;
				CLANG_WARN_OBJC_IMPLICIT_RETAIN_SELF = YES;
				CLANG_WARN_OBJC_LITERAL_CONVERSION = YES;
				CLANG_WARN_OBJC_ROOT_CLASS = YES_ERROR;
				CLANG_WARN_QUOTED_INCLUDE_IN_FRAMEWORK_HEADER = YES;
				CLANG_WARN_RANGE_LOOP_ANALYSIS = YES;
				CLANG_WARN_STRICT_PROTOTYPES = YES;
				CLANG_WARN_SUSPICIOUS_MOVE = YES;
				CLANG_WARN_UNGUARDED_AVAILABILITY = YES_AGGRESSIVE;
				CLANG_WARN_UNREACHABLE_CODE = YES;
				CLANG_WARN__DUPLICATE_METHOD_MATCH = YES;
				COPY_PHASE_STRIP = NO;
				DEBUG_INFORMATION_FORMAT = "dwarf-with-dsym";
				ENABLE_NS_ASSERTIONS = NO;
				ENABLE_STRICT_OBJC_MSGSEND = YES;
				GCC_C_LANGUAGE_STANDARD = gnu11;
				GCC_NO_COMMON_BLOCKS = YES;
				GCC_WARN_64_TO_32_BIT_CONVERSION = YES;
				GCC_WARN_ABOUT_RETURN_TYPE = YES_ERROR;
				GCC_WARN_UNDECLARED_SELECTOR = YES;
				GCC_WARN_UNINITIALIZED_AUTOS = YES_AGGRESSIVE;
				GCC_WARN_UNUSED_FUNCTION = YES;
				GCC_WARN_UNUSED_VARIABLE = YES;
				IPHONEOS_DEPLOYMENT_TARGET = 15.5;
				MTL_ENABLE_DEBUG_INFO = NO;
				MTL_FAST_MATH = YES;
				SDKROOT = iphoneos;
				SWIFT_COMPILATION_MODE = wholemodule;
				SWIFT_OPTIMIZATION_LEVEL = "-O";
				VALIDATE_PRODUCT = YES;
			};
			name = Release;
		};
		1DD580B028CB036700DCD270 /* Debug */ = {
			isa = XCBuildConfiguration;
			baseConfigurationReference = 9928250DD4FDBCE589EE9184 /* Pods-Example-Swift-AKLM.debug.xcconfig */;
			buildSettings = {
				ASSETCATALOG_COMPILER_APPICON_NAME = AppIcon;
				ASSETCATALOG_COMPILER_GLOBAL_ACCENT_COLOR_NAME = AccentColor;
				CODE_SIGN_STYLE = Automatic;
				CURRENT_PROJECT_VERSION = 1;
				DEVELOPMENT_TEAM = S84559HK9V;
				GENERATE_INFOPLIST_FILE = YES;
				INFOPLIST_FILE = "Example-Swift-AKLM/SupportFiles/Info.plist";
				INFOPLIST_KEY_UIApplicationSupportsIndirectInputEvents = YES;
				INFOPLIST_KEY_UILaunchStoryboardName = LaunchScreen;
				INFOPLIST_KEY_UIMainStoryboardFile = Main;
				INFOPLIST_KEY_UISupportedInterfaceOrientations_iPad = "UIInterfaceOrientationPortrait UIInterfaceOrientationPortraitUpsideDown UIInterfaceOrientationLandscapeLeft UIInterfaceOrientationLandscapeRight";
				INFOPLIST_KEY_UISupportedInterfaceOrientations_iPhone = "UIInterfaceOrientationPortrait UIInterfaceOrientationLandscapeLeft UIInterfaceOrientationLandscapeRight";
				IPHONEOS_DEPLOYMENT_TARGET = 13.0;
				LD_RUNPATH_SEARCH_PATHS = (
					"$(inherited)",
					"@executable_path/Frameworks",
				);
				MARKETING_VERSION = 1.0;
				PRODUCT_BUNDLE_IDENTIFIER = "com.amr.koritem.Example-Swift-AKLM";
				PRODUCT_NAME = "$(TARGET_NAME)";
				SWIFT_EMIT_LOC_STRINGS = YES;
				SWIFT_VERSION = 5.0;
				TARGETED_DEVICE_FAMILY = "1,2";
			};
			name = Debug;
		};
		1DD580B128CB036700DCD270 /* Release */ = {
			isa = XCBuildConfiguration;
			baseConfigurationReference = FE0A67EC1E9B37B41F89578D /* Pods-Example-Swift-AKLM.release.xcconfig */;
			buildSettings = {
				ASSETCATALOG_COMPILER_APPICON_NAME = AppIcon;
				ASSETCATALOG_COMPILER_GLOBAL_ACCENT_COLOR_NAME = AccentColor;
				CODE_SIGN_STYLE = Automatic;
				CURRENT_PROJECT_VERSION = 1;
				DEVELOPMENT_TEAM = S84559HK9V;
				GENERATE_INFOPLIST_FILE = YES;
				INFOPLIST_FILE = "Example-Swift-AKLM/SupportFiles/Info.plist";
				INFOPLIST_KEY_UIApplicationSupportsIndirectInputEvents = YES;
				INFOPLIST_KEY_UILaunchStoryboardName = LaunchScreen;
				INFOPLIST_KEY_UIMainStoryboardFile = Main;
				INFOPLIST_KEY_UISupportedInterfaceOrientations_iPad = "UIInterfaceOrientationPortrait UIInterfaceOrientationPortraitUpsideDown UIInterfaceOrientationLandscapeLeft UIInterfaceOrientationLandscapeRight";
				INFOPLIST_KEY_UISupportedInterfaceOrientations_iPhone = "UIInterfaceOrientationPortrait UIInterfaceOrientationLandscapeLeft UIInterfaceOrientationLandscapeRight";
				IPHONEOS_DEPLOYMENT_TARGET = 13.0;
				LD_RUNPATH_SEARCH_PATHS = (
					"$(inherited)",
					"@executable_path/Frameworks",
				);
				MARKETING_VERSION = 1.0;
				PRODUCT_BUNDLE_IDENTIFIER = "com.amr.koritem.Example-Swift-AKLM";
				PRODUCT_NAME = "$(TARGET_NAME)";
				SWIFT_EMIT_LOC_STRINGS = YES;
				SWIFT_VERSION = 5.0;
				TARGETED_DEVICE_FAMILY = "1,2";
			};
			name = Release;
		};
		1DD580B328CB036700DCD270 /* Debug */ = {
			isa = XCBuildConfiguration;
			baseConfigurationReference = 4CB2F8462EEA46BE90438E50 /* Pods-Example-Swift-AKLMTests.debug.xcconfig */;
			buildSettings = {
				ALWAYS_EMBED_SWIFT_STANDARD_LIBRARIES = YES;
				BUNDLE_LOADER = "$(TEST_HOST)";
				CODE_SIGN_STYLE = Automatic;
				CURRENT_PROJECT_VERSION = 1;
				DEVELOPMENT_TEAM = S84559HK9V;
				GENERATE_INFOPLIST_FILE = YES;
				IPHONEOS_DEPLOYMENT_TARGET = 15.5;
				MARKETING_VERSION = 1.0;
				PRODUCT_BUNDLE_IDENTIFIER = "com.amr.koritem.Example-Swift-AKLMTests";
				PRODUCT_NAME = "$(TARGET_NAME)";
				SWIFT_EMIT_LOC_STRINGS = NO;
				SWIFT_VERSION = 5.0;
				TARGETED_DEVICE_FAMILY = "1,2";
				TEST_HOST = "$(BUILT_PRODUCTS_DIR)/Example-Swift-AKLM.app/Example-Swift-AKLM";
			};
			name = Debug;
		};
		1DD580B428CB036700DCD270 /* Release */ = {
			isa = XCBuildConfiguration;
			baseConfigurationReference = A8301274E3008B7550BB558C /* Pods-Example-Swift-AKLMTests.release.xcconfig */;
			buildSettings = {
				ALWAYS_EMBED_SWIFT_STANDARD_LIBRARIES = YES;
				BUNDLE_LOADER = "$(TEST_HOST)";
				CODE_SIGN_STYLE = Automatic;
				CURRENT_PROJECT_VERSION = 1;
				DEVELOPMENT_TEAM = S84559HK9V;
				GENERATE_INFOPLIST_FILE = YES;
				IPHONEOS_DEPLOYMENT_TARGET = 15.5;
				MARKETING_VERSION = 1.0;
				PRODUCT_BUNDLE_IDENTIFIER = "com.amr.koritem.Example-Swift-AKLMTests";
				PRODUCT_NAME = "$(TARGET_NAME)";
				SWIFT_EMIT_LOC_STRINGS = NO;
				SWIFT_VERSION = 5.0;
				TARGETED_DEVICE_FAMILY = "1,2";
				TEST_HOST = "$(BUILT_PRODUCTS_DIR)/Example-Swift-AKLM.app/Example-Swift-AKLM";
			};
			name = Release;
		};
		1DD580B628CB036700DCD270 /* Debug */ = {
			isa = XCBuildConfiguration;
			baseConfigurationReference = 3B5F8932432CF197C11E04AA /* Pods-Example-Swift-AKLM-Example-Swift-AKLMUITests.debug.xcconfig */;
			buildSettings = {
				ALWAYS_EMBED_SWIFT_STANDARD_LIBRARIES = "$(inherited)";
				CODE_SIGN_STYLE = Automatic;
				CURRENT_PROJECT_VERSION = 1;
				DEVELOPMENT_TEAM = S84559HK9V;
				GENERATE_INFOPLIST_FILE = YES;
				MARKETING_VERSION = 1.0;
				PRODUCT_BUNDLE_IDENTIFIER = "com.amr.koritem.Example-Swift-AKLMUITests";
				PRODUCT_NAME = "$(TARGET_NAME)";
				SWIFT_EMIT_LOC_STRINGS = NO;
				SWIFT_VERSION = 5.0;
				TARGETED_DEVICE_FAMILY = "1,2";
				TEST_TARGET_NAME = "Example-Swift-AKLM";
			};
			name = Debug;
		};
		1DD580B728CB036700DCD270 /* Release */ = {
			isa = XCBuildConfiguration;
			baseConfigurationReference = 18EFDD45C06837B94400042E /* Pods-Example-Swift-AKLM-Example-Swift-AKLMUITests.release.xcconfig */;
			buildSettings = {
				ALWAYS_EMBED_SWIFT_STANDARD_LIBRARIES = "$(inherited)";
				CODE_SIGN_STYLE = Automatic;
				CURRENT_PROJECT_VERSION = 1;
				DEVELOPMENT_TEAM = S84559HK9V;
				GENERATE_INFOPLIST_FILE = YES;
				MARKETING_VERSION = 1.0;
				PRODUCT_BUNDLE_IDENTIFIER = "com.amr.koritem.Example-Swift-AKLMUITests";
				PRODUCT_NAME = "$(TARGET_NAME)";
				SWIFT_EMIT_LOC_STRINGS = NO;
				SWIFT_VERSION = 5.0;
				TARGETED_DEVICE_FAMILY = "1,2";
				TEST_TARGET_NAME = "Example-Swift-AKLM";
			};
			name = Release;
		};
/* End XCBuildConfiguration section */

/* Begin XCConfigurationList section */
		1DD5808028CB036300DCD270 /* Build configuration list for PBXProject "Example-Swift-AKLM" */ = {
			isa = XCConfigurationList;
			buildConfigurations = (
				1DD580AD28CB036700DCD270 /* Debug */,
				1DD580AE28CB036700DCD270 /* Release */,
			);
			defaultConfigurationIsVisible = 0;
			defaultConfigurationName = Release;
		};
		1DD580AF28CB036700DCD270 /* Build configuration list for PBXNativeTarget "Example-Swift-AKLM" */ = {
			isa = XCConfigurationList;
			buildConfigurations = (
				1DD580B028CB036700DCD270 /* Debug */,
				1DD580B128CB036700DCD270 /* Release */,
			);
			defaultConfigurationIsVisible = 0;
			defaultConfigurationName = Release;
		};
		1DD580B228CB036700DCD270 /* Build configuration list for PBXNativeTarget "Example-Swift-AKLMTests" */ = {
			isa = XCConfigurationList;
			buildConfigurations = (
				1DD580B328CB036700DCD270 /* Debug */,
				1DD580B428CB036700DCD270 /* Release */,
			);
			defaultConfigurationIsVisible = 0;
			defaultConfigurationName = Release;
		};
		1DD580B528CB036700DCD270 /* Build configuration list for PBXNativeTarget "Example-Swift-AKLMUITests" */ = {
			isa = XCConfigurationList;
			buildConfigurations = (
				1DD580B628CB036700DCD270 /* Debug */,
				1DD580B728CB036700DCD270 /* Release */,
			);
			defaultConfigurationIsVisible = 0;
			defaultConfigurationName = Release;
		};
/* End XCConfigurationList section */
	};
	rootObject = 1DD5807D28CB036300DCD270 /* Project object */;
}
